// !$*UTF8*$!
{
	archiveVersion = 1;
	classes = {
	};
	objectVersion = 46;
	objects = {

/* Begin PBXBuildFile section */
		2E1D53E01A1BA1DD00D304D1 /* DEMORightMenuViewController.m in Sources */ = {isa = PBXBuildFile; fileRef = 2E1D53DF1A1BA1DD00D304D1 /* DEMORightMenuViewController.m */; };
		2E1D53E81A1BEBE500D304D1 /* GalleryVC.m in Sources */ = {isa = PBXBuildFile; fileRef = 2E1D53E71A1BEBE500D304D1 /* GalleryVC.m */; };
		2E1D53EC1A1D0F8D00D304D1 /* CollectionTableView.m in Sources */ = {isa = PBXBuildFile; fileRef = 2E1D53EB1A1D0F8D00D304D1 /* CollectionTableView.m */; };
		2E1D53EE1A1D613400D304D1 /* CollectionCell.xib in Resources */ = {isa = PBXBuildFile; fileRef = 2E1D53ED1A1D613400D304D1 /* CollectionCell.xib */; };
		2E1D53F11A1D617D00D304D1 /* CollectionCell.m in Sources */ = {isa = PBXBuildFile; fileRef = 2E1D53F01A1D617D00D304D1 /* CollectionCell.m */; };
		2E1D54981A1E689900D304D1 /* ce1.jpg in Resources */ = {isa = PBXBuildFile; fileRef = 2E1D54691A1E689900D304D1 /* ce1.jpg */; };
		2E1D54991A1E689900D304D1 /* ce10.jpg in Resources */ = {isa = PBXBuildFile; fileRef = 2E1D546A1A1E689900D304D1 /* ce10.jpg */; };
		2E1D549A1A1E689900D304D1 /* ce11.jpg in Resources */ = {isa = PBXBuildFile; fileRef = 2E1D546B1A1E689900D304D1 /* ce11.jpg */; };
		2E1D549B1A1E689900D304D1 /* ce12.jpg in Resources */ = {isa = PBXBuildFile; fileRef = 2E1D546C1A1E689900D304D1 /* ce12.jpg */; };
		2E1D549C1A1E689900D304D1 /* ce13.jpg in Resources */ = {isa = PBXBuildFile; fileRef = 2E1D546D1A1E689900D304D1 /* ce13.jpg */; };
		2E1D549D1A1E689900D304D1 /* ce14.jpg in Resources */ = {isa = PBXBuildFile; fileRef = 2E1D546E1A1E689900D304D1 /* ce14.jpg */; };
		2E1D549E1A1E689900D304D1 /* ce15.jpg in Resources */ = {isa = PBXBuildFile; fileRef = 2E1D546F1A1E689900D304D1 /* ce15.jpg */; };
		2E1D549F1A1E689900D304D1 /* ce16.jpg in Resources */ = {isa = PBXBuildFile; fileRef = 2E1D54701A1E689900D304D1 /* ce16.jpg */; };
		2E1D54A01A1E689900D304D1 /* ce17.jpg in Resources */ = {isa = PBXBuildFile; fileRef = 2E1D54711A1E689900D304D1 /* ce17.jpg */; };
		2E1D54A11A1E689900D304D1 /* ce18.jpg in Resources */ = {isa = PBXBuildFile; fileRef = 2E1D54721A1E689900D304D1 /* ce18.jpg */; };
		2E1D54A21A1E689900D304D1 /* ce19.jpg in Resources */ = {isa = PBXBuildFile; fileRef = 2E1D54731A1E689900D304D1 /* ce19.jpg */; };
		2E1D54A41A1E689900D304D1 /* ce20.jpg in Resources */ = {isa = PBXBuildFile; fileRef = 2E1D54751A1E689900D304D1 /* ce20.jpg */; };
		2E1D54A51A1E689900D304D1 /* ce3.jpg in Resources */ = {isa = PBXBuildFile; fileRef = 2E1D54761A1E689900D304D1 /* ce3.jpg */; };
		2E1D54A61A1E689900D304D1 /* ce4.jpg in Resources */ = {isa = PBXBuildFile; fileRef = 2E1D54771A1E689900D304D1 /* ce4.jpg */; };
		2E1D54A71A1E689900D304D1 /* ce5.jpg in Resources */ = {isa = PBXBuildFile; fileRef = 2E1D54781A1E689900D304D1 /* ce5.jpg */; };
		2E1D54A81A1E689900D304D1 /* ce6.jpg in Resources */ = {isa = PBXBuildFile; fileRef = 2E1D54791A1E689900D304D1 /* ce6.jpg */; };
		2E1D54A91A1E689900D304D1 /* ce7.jpg in Resources */ = {isa = PBXBuildFile; fileRef = 2E1D547A1A1E689900D304D1 /* ce7.jpg */; };
		2E1D54AA1A1E689900D304D1 /* ce8.jpg in Resources */ = {isa = PBXBuildFile; fileRef = 2E1D547B1A1E689900D304D1 /* ce8.jpg */; };
		2E1D54AB1A1E689900D304D1 /* ce9.jpg in Resources */ = {isa = PBXBuildFile; fileRef = 2E1D547C1A1E689900D304D1 /* ce9.jpg */; };
		2E1D54AC1A1E689900D304D1 /* ch1.jpg in Resources */ = {isa = PBXBuildFile; fileRef = 2E1D547D1A1E689900D304D1 /* ch1.jpg */; };
		2E1D54AD1A1E689900D304D1 /* ch10.jpg in Resources */ = {isa = PBXBuildFile; fileRef = 2E1D547E1A1E689900D304D1 /* ch10.jpg */; };
		2E1D54AE1A1E689900D304D1 /* ch11.jpg in Resources */ = {isa = PBXBuildFile; fileRef = 2E1D547F1A1E689900D304D1 /* ch11.jpg */; };
		2E1D54AF1A1E689900D304D1 /* ch12.jpg in Resources */ = {isa = PBXBuildFile; fileRef = 2E1D54801A1E689900D304D1 /* ch12.jpg */; };
		2E1D54B01A1E689900D304D1 /* ch2.jpg in Resources */ = {isa = PBXBuildFile; fileRef = 2E1D54811A1E689900D304D1 /* ch2.jpg */; };
		2E1D54B11A1E689900D304D1 /* ch3.jpg in Resources */ = {isa = PBXBuildFile; fileRef = 2E1D54821A1E689900D304D1 /* ch3.jpg */; };
		2E1D54B21A1E689900D304D1 /* ch4.jpg in Resources */ = {isa = PBXBuildFile; fileRef = 2E1D54831A1E689900D304D1 /* ch4.jpg */; };
		2E1D54B31A1E689900D304D1 /* ch5.jpg in Resources */ = {isa = PBXBuildFile; fileRef = 2E1D54841A1E689900D304D1 /* ch5.jpg */; };
		2E1D54B41A1E689900D304D1 /* ch6.jpg in Resources */ = {isa = PBXBuildFile; fileRef = 2E1D54851A1E689900D304D1 /* ch6.jpg */; };
		2E1D54B51A1E689900D304D1 /* ch7.jpg in Resources */ = {isa = PBXBuildFile; fileRef = 2E1D54861A1E689900D304D1 /* ch7.jpg */; };
		2E1D54B61A1E689900D304D1 /* ch8.jpg in Resources */ = {isa = PBXBuildFile; fileRef = 2E1D54871A1E689900D304D1 /* ch8.jpg */; };
		2E1D54B71A1E689900D304D1 /* ch9.jpg in Resources */ = {isa = PBXBuildFile; fileRef = 2E1D54881A1E689900D304D1 /* ch9.jpg */; };
		2E1D54B81A1E689900D304D1 /* dv1.jpg in Resources */ = {isa = PBXBuildFile; fileRef = 2E1D54891A1E689900D304D1 /* dv1.jpg */; };
		2E1D54B91A1E689900D304D1 /* dv10.jpg in Resources */ = {isa = PBXBuildFile; fileRef = 2E1D548A1A1E689900D304D1 /* dv10.jpg */; };
		2E1D54BA1A1E689900D304D1 /* dv11.jpg in Resources */ = {isa = PBXBuildFile; fileRef = 2E1D548B1A1E689900D304D1 /* dv11.jpg */; };
		2E1D54BB1A1E689900D304D1 /* dv12.jpg in Resources */ = {isa = PBXBuildFile; fileRef = 2E1D548C1A1E689900D304D1 /* dv12.jpg */; };
		2E1D54BC1A1E689900D304D1 /* dv13.jpg in Resources */ = {isa = PBXBuildFile; fileRef = 2E1D548D1A1E689900D304D1 /* dv13.jpg */; };
		2E1D54BD1A1E689900D304D1 /* dv14.jpg in Resources */ = {isa = PBXBuildFile; fileRef = 2E1D548E1A1E689900D304D1 /* dv14.jpg */; };
		2E1D54BE1A1E689900D304D1 /* dv15.jpg in Resources */ = {isa = PBXBuildFile; fileRef = 2E1D548F1A1E689900D304D1 /* dv15.jpg */; };
		2E1D54BF1A1E689900D304D1 /* dv2.jpg in Resources */ = {isa = PBXBuildFile; fileRef = 2E1D54901A1E689900D304D1 /* dv2.jpg */; };
		2E1D54C01A1E689900D304D1 /* dv3.jpg in Resources */ = {isa = PBXBuildFile; fileRef = 2E1D54911A1E689900D304D1 /* dv3.jpg */; };
		2E1D54C11A1E689900D304D1 /* dv4.jpg in Resources */ = {isa = PBXBuildFile; fileRef = 2E1D54921A1E689900D304D1 /* dv4.jpg */; };
		2E1D54C21A1E689900D304D1 /* dv5.jpg in Resources */ = {isa = PBXBuildFile; fileRef = 2E1D54931A1E689900D304D1 /* dv5.jpg */; };
		2E1D54C31A1E689900D304D1 /* dv6.jpg in Resources */ = {isa = PBXBuildFile; fileRef = 2E1D54941A1E689900D304D1 /* dv6.jpg */; };
		2E1D54C41A1E689900D304D1 /* dv7.jpg in Resources */ = {isa = PBXBuildFile; fileRef = 2E1D54951A1E689900D304D1 /* dv7.jpg */; };
		2E1D54C51A1E689900D304D1 /* dv8.jpg in Resources */ = {isa = PBXBuildFile; fileRef = 2E1D54961A1E689900D304D1 /* dv8.jpg */; };
		2E1D54C61A1E689900D304D1 /* dv9.jpg in Resources */ = {isa = PBXBuildFile; fileRef = 2E1D54971A1E689900D304D1 /* dv9.jpg */; };
		2E1D54CC1A1EA58300D304D1 /* ce2.jpg in Resources */ = {isa = PBXBuildFile; fileRef = 2E1D54CB1A1EA58300D304D1 /* ce2.jpg */; };
		2E1D54CE1A1EA6AA00D304D1 /* photo2.jpg in Resources */ = {isa = PBXBuildFile; fileRef = 2E1D54CD1A1EA6AA00D304D1 /* photo2.jpg */; };
		2E1D54D11A1F9B4700D304D1 /* photo1.jpg in Resources */ = {isa = PBXBuildFile; fileRef = 2E1D54D01A1F9B4700D304D1 /* photo1.jpg */; };
		2E3372FB1A3F666300453C5D /* LoginView.m in Sources */ = {isa = PBXBuildFile; fileRef = 2E3372FA1A3F666300453C5D /* LoginView.m */; };
		2E3372FE1A3F667C00453C5D /* LoginViewController.m in Sources */ = {isa = PBXBuildFile; fileRef = 2E3372FD1A3F667C00453C5D /* LoginViewController.m */; };
		2E3373031A3F83A800453C5D /* AFHTTPRequestSerializer+OAuth2.m in Sources */ = {isa = PBXBuildFile; fileRef = 2E3373001A3F83A800453C5D /* AFHTTPRequestSerializer+OAuth2.m */; };
		2E3373041A3F83A800453C5D /* AFOAuth2Manager.m in Sources */ = {isa = PBXBuildFile; fileRef = 2E3373021A3F83A800453C5D /* AFOAuth2Manager.m */; };
		2E5BFD5E1A3898EF00D17971 /* ContactPickerViewController.m in Sources */ = {isa = PBXBuildFile; fileRef = 2E5BFD5D1A3898EF00D17971 /* ContactPickerViewController.m */; };
		2E5BFD611A38999500D17971 /* ContactPickerTableViewCell.m in Sources */ = {isa = PBXBuildFile; fileRef = 2E5BFD601A38999500D17971 /* ContactPickerTableViewCell.m */; };
		2E5BFD641A389CB900D17971 /* Contact.m in Sources */ = {isa = PBXBuildFile; fileRef = 2E5BFD631A389CB900D17971 /* Contact.m */; };
		2E5BFD661A38BA2D00D17971 /* ContactPickerViewController.xib in Resources */ = {isa = PBXBuildFile; fileRef = 2E5BFD651A38BA2D00D17971 /* ContactPickerViewController.xib */; };
		2E5BFD6A1A38BAE700D17971 /* ContactPickerTableViewCell.xib in Resources */ = {isa = PBXBuildFile; fileRef = 2E5BFD691A38BAE700D17971 /* ContactPickerTableViewCell.xib */; };
		2E5BFD711A38C1C900D17971 /* icon-avatar-60x60.png in Resources */ = {isa = PBXBuildFile; fileRef = 2E5BFD6B1A38C1C900D17971 /* icon-avatar-60x60.png */; };
		2E5BFD721A38C1C900D17971 /* icon-avatar-60x60@2x.png in Resources */ = {isa = PBXBuildFile; fileRef = 2E5BFD6C1A38C1C900D17971 /* icon-avatar-60x60@2x.png */; };
		2E5BFD731A38C1C900D17971 /* icon-checkbox-selected-green-25x25.png in Resources */ = {isa = PBXBuildFile; fileRef = 2E5BFD6D1A38C1C900D17971 /* icon-checkbox-selected-green-25x25.png */; };
		2E5BFD741A38C1C900D17971 /* icon-checkbox-selected-green-25x25@2x.png in Resources */ = {isa = PBXBuildFile; fileRef = 2E5BFD6E1A38C1C900D17971 /* icon-checkbox-selected-green-25x25@2x.png */; };
		2E5BFD751A38C1C900D17971 /* icon-checkbox-unselected-25x25.png in Resources */ = {isa = PBXBuildFile; fileRef = 2E5BFD6F1A38C1C900D17971 /* icon-checkbox-unselected-25x25.png */; };
		2E5BFD761A38C1C900D17971 /* icon-checkbox-unselected-25x25@2x.png in Resources */ = {isa = PBXBuildFile; fileRef = 2E5BFD701A38C1C900D17971 /* icon-checkbox-unselected-25x25@2x.png */; };
		2E6A3FB11A4246F400F722A9 /* THContactBubble.m in Sources */ = {isa = PBXBuildFile; fileRef = 2E6A3FA61A4246F400F722A9 /* THContactBubble.m */; };
		2E6A3FB21A4246F400F722A9 /* THContactPickerView.m in Sources */ = {isa = PBXBuildFile; fileRef = 2E6A3FA81A4246F400F722A9 /* THContactPickerView.m */; };
		2E6A3FB31A4246F400F722A9 /* THContactPickerViewController.m in Sources */ = {isa = PBXBuildFile; fileRef = 2E6A3FAA1A4246F400F722A9 /* THContactPickerViewController.m */; };
		2E6A3FB41A4246F400F722A9 /* THBubbleColor.m in Sources */ = {isa = PBXBuildFile; fileRef = 2E6A3FAC1A4246F400F722A9 /* THBubbleColor.m */; };
		2E6A3FB51A4246F400F722A9 /* THContactPickerTableViewCell.m in Sources */ = {isa = PBXBuildFile; fileRef = 2E6A3FAE1A4246F400F722A9 /* THContactPickerTableViewCell.m */; };
		2E6A3FB61A4246F400F722A9 /* THContact.m in Sources */ = {isa = PBXBuildFile; fileRef = 2E6A3FB01A4246F400F722A9 /* THContact.m */; };
		2E6A3FB91A42470300F722A9 /* THContactPickerViewController.xib in Resources */ = {isa = PBXBuildFile; fileRef = 2E6A3FB71A42470300F722A9 /* THContactPickerViewController.xib */; };
		2E6A3FBA1A42470300F722A9 /* THContactPickerTableViewCell.xib in Resources */ = {isa = PBXBuildFile; fileRef = 2E6A3FB81A42470300F722A9 /* THContactPickerTableViewCell.xib */; };
		2E87570B1A35FB7B00A7C937 /* SMSViewController.m in Sources */ = {isa = PBXBuildFile; fileRef = 2E87570A1A35FB7B00A7C937 /* SMSViewController.m */; };
		2E87570E1A35FD8E00A7C937 /* SMSDataModel.m in Sources */ = {isa = PBXBuildFile; fileRef = 2E87570D1A35FD8E00A7C937 /* SMSDataModel.m */; };
		2E94073D1A1A8C6A0099F37C /* inboxInterface.storyboard in Resources */ = {isa = PBXBuildFile; fileRef = 2E94073C1A1A8C6A0099F37C /* inboxInterface.storyboard */; };
		2E9407401A1A8CE90099F37C /* inboxInterface.m in Sources */ = {isa = PBXBuildFile; fileRef = 2E94073F1A1A8CE90099F37C /* inboxInterface.m */; };
		2E9407431A1A8D6A0099F37C /* inboxInterfaceCell.m in Sources */ = {isa = PBXBuildFile; fileRef = 2E9407421A1A8D6A0099F37C /* inboxInterfaceCell.m */; };
		2E9407451A1A8EC00099F37C /* MessageUI.framework in Frameworks */ = {isa = PBXBuildFile; fileRef = 2E9407441A1A8EC00099F37C /* MessageUI.framework */; };
		2E9407481A1A92240099F37C /* DEMOFirstViewController.m in Sources */ = {isa = PBXBuildFile; fileRef = 2E9407471A1A92240099F37C /* DEMOFirstViewController.m */; };
		2E94074B1A1A92300099F37C /* DEMOLeftMenuViewController.m in Sources */ = {isa = PBXBuildFile; fileRef = 2E94074A1A1A92300099F37C /* DEMOLeftMenuViewController.m */; };
		2E94075A1A1A9A700099F37C /* 10 Great iPhone Tips.pdf in Resources */ = {isa = PBXBuildFile; fileRef = 2E94074D1A1A9A700099F37C /* 10 Great iPhone Tips.pdf */; };
		2E94075B1A1A9A700099F37C /* camera-photo-tips.html in Resources */ = {isa = PBXBuildFile; fileRef = 2E94074E1A1A9A700099F37C /* camera-photo-tips.html */; };
		2E94075C1A1A9A700099F37C /* foggy.jpg in Resources */ = {isa = PBXBuildFile; fileRef = 2E94074F1A1A9A700099F37C /* foggy.jpg */; };
		2E94075D1A1A9A700099F37C /* Hello World.ppt in Resources */ = {isa = PBXBuildFile; fileRef = 2E9407501A1A9A700099F37C /* Hello World.ppt */; };
		2EA0A0D71A1AF8E800DBFB81 /* MediaPlayer.framework in Frameworks */ = {isa = PBXBuildFile; fileRef = 2EA0A0D61A1AF8E800DBFB81 /* MediaPlayer.framework */; };
		2EA0A1321A1B08D600DBFB81 /* Conversation.plist in Resources */ = {isa = PBXBuildFile; fileRef = 2EA0A1271A1B08D600DBFB81 /* Conversation.plist */; };
		2EA0A1331A1B08D600DBFB81 /* arturdev.jpg in Resources */ = {isa = PBXBuildFile; fileRef = 2EA0A1291A1B08D600DBFB81 /* arturdev.jpg */; };
		2EA0A1341A1B08D600DBFB81 /* bubble_rect_receiving.png in Resources */ = {isa = PBXBuildFile; fileRef = 2EA0A12A1A1B08D600DBFB81 /* bubble_rect_receiving.png */; };
		2EA0A1351A1B08D600DBFB81 /* bubble_rect_receiving@2x.png in Resources */ = {isa = PBXBuildFile; fileRef = 2EA0A12B1A1B08D600DBFB81 /* bubble_rect_receiving@2x.png */; };
		2EA0A1361A1B08D600DBFB81 /* bubble_rect_sending.png in Resources */ = {isa = PBXBuildFile; fileRef = 2EA0A12C1A1B08D600DBFB81 /* bubble_rect_sending.png */; };
		2EA0A1371A1B08D600DBFB81 /* bubble_rect_sending@2x.png in Resources */ = {isa = PBXBuildFile; fileRef = 2EA0A12D1A1B08D600DBFB81 /* bubble_rect_sending@2x.png */; };
		2EA0A1381A1B08D600DBFB81 /* doggy.jpg in Resources */ = {isa = PBXBuildFile; fileRef = 2EA0A12E1A1B08D600DBFB81 /* doggy.jpg */; };
		2EA0A1391A1B08D600DBFB81 /* jobs.jpg in Resources */ = {isa = PBXBuildFile; fileRef = 2EA0A12F1A1B08D600DBFB81 /* jobs.jpg */; };
		2EA0A13A1A1B08D600DBFB81 /* lion.jpg in Resources */ = {isa = PBXBuildFile; fileRef = 2EA0A1301A1B08D600DBFB81 /* lion.jpg */; };
		2EA0A13B1A1B08D600DBFB81 /* lion.mp4 in Resources */ = {isa = PBXBuildFile; fileRef = 2EA0A1311A1B08D600DBFB81 /* lion.mp4 */; };
		2EA0A1401A1B0D1800DBFB81 /* MessagingVC.storyboard in Resources */ = {isa = PBXBuildFile; fileRef = 2EA0A13F1A1B0D1800DBFB81 /* MessagingVC.storyboard */; };
		2EB719321A37ABD200ED3E01 /* QuartzCore.framework in Frameworks */ = {isa = PBXBuildFile; fileRef = 2EB719311A37ABD200ED3E01 /* QuartzCore.framework */; };
		2EB719351A37ABEA00ED3E01 /* AddressBook.framework in Frameworks */ = {isa = PBXBuildFile; fileRef = 2EB719331A37ABEA00ED3E01 /* AddressBook.framework */; };
		2EB719361A37ABEA00ED3E01 /* AddressBookUI.framework in Frameworks */ = {isa = PBXBuildFile; fileRef = 2EB719341A37ABEA00ED3E01 /* AddressBookUI.framework */; };
		2EB719381A37ABF700ED3E01 /* CoreGraphics.framework in Frameworks */ = {isa = PBXBuildFile; fileRef = 2EB719371A37ABF700ED3E01 /* CoreGraphics.framework */; };
		2EB7193C1A37AF3300ED3E01 /* ContactBubble.m in Sources */ = {isa = PBXBuildFile; fileRef = 2EB7193B1A37AF3300ED3E01 /* ContactBubble.m */; };
		2EB7193F1A37B12000ED3E01 /* BubbleColor.m in Sources */ = {isa = PBXBuildFile; fileRef = 2EB7193E1A37B12000ED3E01 /* BubbleColor.m */; };
		2EB719421A37B8AE00ED3E01 /* ContactPickerView.m in Sources */ = {isa = PBXBuildFile; fileRef = 2EB719411A37B8AE00ED3E01 /* ContactPickerView.m */; };
		2ECE5E7E1A159DA0000F78BD /* main.m in Sources */ = {isa = PBXBuildFile; fileRef = 2ECE5E7D1A159DA0000F78BD /* main.m */; };
		2ECE5E811A159DA0000F78BD /* AppDelegate.m in Sources */ = {isa = PBXBuildFile; fileRef = 2ECE5E801A159DA0000F78BD /* AppDelegate.m */; };
		2ECE5E841A159DA0000F78BD /* moolti.xcdatamodeld in Sources */ = {isa = PBXBuildFile; fileRef = 2ECE5E821A159DA0000F78BD /* moolti.xcdatamodeld */; };
		2ECE5E8A1A159DA0000F78BD /* Main.storyboard in Resources */ = {isa = PBXBuildFile; fileRef = 2ECE5E881A159DA0000F78BD /* Main.storyboard */; };
		2ECE5E8C1A159DA0000F78BD /* Images.xcassets in Resources */ = {isa = PBXBuildFile; fileRef = 2ECE5E8B1A159DA0000F78BD /* Images.xcassets */; };
		2ECE5E8F1A159DA0000F78BD /* LaunchScreen.xib in Resources */ = {isa = PBXBuildFile; fileRef = 2ECE5E8D1A159DA0000F78BD /* LaunchScreen.xib */; };
		2ECE5E9B1A159DA0000F78BD /* mooltiTests.m in Sources */ = {isa = PBXBuildFile; fileRef = 2ECE5E9A1A159DA0000F78BD /* mooltiTests.m */; };
		2EF533EB1A1FCC3300F5FCCF /* house.jpg in Resources */ = {isa = PBXBuildFile; fileRef = 2EF533EA1A1FCC3300F5FCCF /* house.jpg */; };
		B851C17534C803B06B8A2619 /* libPods.a in Frameworks */ = {isa = PBXBuildFile; fileRef = 2664498DEC717EFBC1ED5361 /* libPods.a */; };
/* End PBXBuildFile section */

/* Begin PBXContainerItemProxy section */
		2ECE5E951A159DA0000F78BD /* PBXContainerItemProxy */ = {
			isa = PBXContainerItemProxy;
			containerPortal = 2ECE5E701A159DA0000F78BD /* Project object */;
			proxyType = 1;
			remoteGlobalIDString = 2ECE5E771A159DA0000F78BD;
			remoteInfo = moolti;
		};
/* End PBXContainerItemProxy section */

/* Begin PBXFileReference section */
		2664498DEC717EFBC1ED5361 /* libPods.a */ = {isa = PBXFileReference; explicitFileType = archive.ar; includeInIndex = 0; path = libPods.a; sourceTree = BUILT_PRODUCTS_DIR; };
		2E1D53DE1A1BA1DD00D304D1 /* DEMORightMenuViewController.h */ = {isa = PBXFileReference; fileEncoding = 4; lastKnownFileType = sourcecode.c.h; path = DEMORightMenuViewController.h; sourceTree = "<group>"; };
		2E1D53DF1A1BA1DD00D304D1 /* DEMORightMenuViewController.m */ = {isa = PBXFileReference; fileEncoding = 4; lastKnownFileType = sourcecode.c.objc; path = DEMORightMenuViewController.m; sourceTree = "<group>"; };
		2E1D53E61A1BEBE500D304D1 /* GalleryVC.h */ = {isa = PBXFileReference; fileEncoding = 4; lastKnownFileType = sourcecode.c.h; path = GalleryVC.h; sourceTree = "<group>"; };
		2E1D53E71A1BEBE500D304D1 /* GalleryVC.m */ = {isa = PBXFileReference; fileEncoding = 4; lastKnownFileType = sourcecode.c.objc; path = GalleryVC.m; sourceTree = "<group>"; };
		2E1D53EA1A1D0F8D00D304D1 /* CollectionTableView.h */ = {isa = PBXFileReference; fileEncoding = 4; lastKnownFileType = sourcecode.c.h; path = CollectionTableView.h; sourceTree = "<group>"; };
		2E1D53EB1A1D0F8D00D304D1 /* CollectionTableView.m */ = {isa = PBXFileReference; fileEncoding = 4; lastKnownFileType = sourcecode.c.objc; path = CollectionTableView.m; sourceTree = "<group>"; };
		2E1D53ED1A1D613400D304D1 /* CollectionCell.xib */ = {isa = PBXFileReference; fileEncoding = 4; lastKnownFileType = file.xib; name = CollectionCell.xib; path = moolti/CollectionCell.xib; sourceTree = "<group>"; };
		2E1D53EF1A1D617D00D304D1 /* CollectionCell.h */ = {isa = PBXFileReference; fileEncoding = 4; lastKnownFileType = sourcecode.c.h; path = CollectionCell.h; sourceTree = "<group>"; };
		2E1D53F01A1D617D00D304D1 /* CollectionCell.m */ = {isa = PBXFileReference; fileEncoding = 4; lastKnownFileType = sourcecode.c.objc; path = CollectionCell.m; sourceTree = "<group>"; };
		2E1D54691A1E689900D304D1 /* ce1.jpg */ = {isa = PBXFileReference; lastKnownFileType = image.jpeg; path = ce1.jpg; sourceTree = "<group>"; };
		2E1D546A1A1E689900D304D1 /* ce10.jpg */ = {isa = PBXFileReference; lastKnownFileType = image.jpeg; path = ce10.jpg; sourceTree = "<group>"; };
		2E1D546B1A1E689900D304D1 /* ce11.jpg */ = {isa = PBXFileReference; lastKnownFileType = image.jpeg; path = ce11.jpg; sourceTree = "<group>"; };
		2E1D546C1A1E689900D304D1 /* ce12.jpg */ = {isa = PBXFileReference; lastKnownFileType = image.jpeg; path = ce12.jpg; sourceTree = "<group>"; };
		2E1D546D1A1E689900D304D1 /* ce13.jpg */ = {isa = PBXFileReference; lastKnownFileType = image.jpeg; path = ce13.jpg; sourceTree = "<group>"; };
		2E1D546E1A1E689900D304D1 /* ce14.jpg */ = {isa = PBXFileReference; lastKnownFileType = image.jpeg; path = ce14.jpg; sourceTree = "<group>"; };
		2E1D546F1A1E689900D304D1 /* ce15.jpg */ = {isa = PBXFileReference; lastKnownFileType = image.jpeg; path = ce15.jpg; sourceTree = "<group>"; };
		2E1D54701A1E689900D304D1 /* ce16.jpg */ = {isa = PBXFileReference; lastKnownFileType = image.jpeg; path = ce16.jpg; sourceTree = "<group>"; };
		2E1D54711A1E689900D304D1 /* ce17.jpg */ = {isa = PBXFileReference; lastKnownFileType = image.jpeg; path = ce17.jpg; sourceTree = "<group>"; };
		2E1D54721A1E689900D304D1 /* ce18.jpg */ = {isa = PBXFileReference; lastKnownFileType = image.jpeg; path = ce18.jpg; sourceTree = "<group>"; };
		2E1D54731A1E689900D304D1 /* ce19.jpg */ = {isa = PBXFileReference; lastKnownFileType = image.jpeg; path = ce19.jpg; sourceTree = "<group>"; };
		2E1D54751A1E689900D304D1 /* ce20.jpg */ = {isa = PBXFileReference; lastKnownFileType = image.jpeg; path = ce20.jpg; sourceTree = "<group>"; };
		2E1D54761A1E689900D304D1 /* ce3.jpg */ = {isa = PBXFileReference; lastKnownFileType = image.jpeg; path = ce3.jpg; sourceTree = "<group>"; };
		2E1D54771A1E689900D304D1 /* ce4.jpg */ = {isa = PBXFileReference; lastKnownFileType = image.jpeg; path = ce4.jpg; sourceTree = "<group>"; };
		2E1D54781A1E689900D304D1 /* ce5.jpg */ = {isa = PBXFileReference; lastKnownFileType = image.jpeg; path = ce5.jpg; sourceTree = "<group>"; };
		2E1D54791A1E689900D304D1 /* ce6.jpg */ = {isa = PBXFileReference; lastKnownFileType = image.jpeg; path = ce6.jpg; sourceTree = "<group>"; };
		2E1D547A1A1E689900D304D1 /* ce7.jpg */ = {isa = PBXFileReference; lastKnownFileType = image.jpeg; path = ce7.jpg; sourceTree = "<group>"; };
		2E1D547B1A1E689900D304D1 /* ce8.jpg */ = {isa = PBXFileReference; lastKnownFileType = image.jpeg; path = ce8.jpg; sourceTree = "<group>"; };
		2E1D547C1A1E689900D304D1 /* ce9.jpg */ = {isa = PBXFileReference; lastKnownFileType = image.jpeg; path = ce9.jpg; sourceTree = "<group>"; };
		2E1D547D1A1E689900D304D1 /* ch1.jpg */ = {isa = PBXFileReference; lastKnownFileType = image.jpeg; path = ch1.jpg; sourceTree = "<group>"; };
		2E1D547E1A1E689900D304D1 /* ch10.jpg */ = {isa = PBXFileReference; lastKnownFileType = image.jpeg; path = ch10.jpg; sourceTree = "<group>"; };
		2E1D547F1A1E689900D304D1 /* ch11.jpg */ = {isa = PBXFileReference; lastKnownFileType = image.jpeg; path = ch11.jpg; sourceTree = "<group>"; };
		2E1D54801A1E689900D304D1 /* ch12.jpg */ = {isa = PBXFileReference; lastKnownFileType = image.jpeg; path = ch12.jpg; sourceTree = "<group>"; };
		2E1D54811A1E689900D304D1 /* ch2.jpg */ = {isa = PBXFileReference; lastKnownFileType = image.jpeg; path = ch2.jpg; sourceTree = "<group>"; };
		2E1D54821A1E689900D304D1 /* ch3.jpg */ = {isa = PBXFileReference; lastKnownFileType = image.jpeg; path = ch3.jpg; sourceTree = "<group>"; };
		2E1D54831A1E689900D304D1 /* ch4.jpg */ = {isa = PBXFileReference; lastKnownFileType = image.jpeg; path = ch4.jpg; sourceTree = "<group>"; };
		2E1D54841A1E689900D304D1 /* ch5.jpg */ = {isa = PBXFileReference; lastKnownFileType = image.jpeg; path = ch5.jpg; sourceTree = "<group>"; };
		2E1D54851A1E689900D304D1 /* ch6.jpg */ = {isa = PBXFileReference; lastKnownFileType = image.jpeg; path = ch6.jpg; sourceTree = "<group>"; };
		2E1D54861A1E689900D304D1 /* ch7.jpg */ = {isa = PBXFileReference; lastKnownFileType = image.jpeg; path = ch7.jpg; sourceTree = "<group>"; };
		2E1D54871A1E689900D304D1 /* ch8.jpg */ = {isa = PBXFileReference; lastKnownFileType = image.jpeg; path = ch8.jpg; sourceTree = "<group>"; };
		2E1D54881A1E689900D304D1 /* ch9.jpg */ = {isa = PBXFileReference; lastKnownFileType = image.jpeg; path = ch9.jpg; sourceTree = "<group>"; };
		2E1D54891A1E689900D304D1 /* dv1.jpg */ = {isa = PBXFileReference; lastKnownFileType = image.jpeg; path = dv1.jpg; sourceTree = "<group>"; };
		2E1D548A1A1E689900D304D1 /* dv10.jpg */ = {isa = PBXFileReference; lastKnownFileType = image.jpeg; path = dv10.jpg; sourceTree = "<group>"; };
		2E1D548B1A1E689900D304D1 /* dv11.jpg */ = {isa = PBXFileReference; lastKnownFileType = image.jpeg; path = dv11.jpg; sourceTree = "<group>"; };
		2E1D548C1A1E689900D304D1 /* dv12.jpg */ = {isa = PBXFileReference; lastKnownFileType = image.jpeg; path = dv12.jpg; sourceTree = "<group>"; };
		2E1D548D1A1E689900D304D1 /* dv13.jpg */ = {isa = PBXFileReference; lastKnownFileType = image.jpeg; path = dv13.jpg; sourceTree = "<group>"; };
		2E1D548E1A1E689900D304D1 /* dv14.jpg */ = {isa = PBXFileReference; lastKnownFileType = image.jpeg; path = dv14.jpg; sourceTree = "<group>"; };
		2E1D548F1A1E689900D304D1 /* dv15.jpg */ = {isa = PBXFileReference; lastKnownFileType = image.jpeg; path = dv15.jpg; sourceTree = "<group>"; };
		2E1D54901A1E689900D304D1 /* dv2.jpg */ = {isa = PBXFileReference; lastKnownFileType = image.jpeg; path = dv2.jpg; sourceTree = "<group>"; };
		2E1D54911A1E689900D304D1 /* dv3.jpg */ = {isa = PBXFileReference; lastKnownFileType = image.jpeg; path = dv3.jpg; sourceTree = "<group>"; };
		2E1D54921A1E689900D304D1 /* dv4.jpg */ = {isa = PBXFileReference; lastKnownFileType = image.jpeg; path = dv4.jpg; sourceTree = "<group>"; };
		2E1D54931A1E689900D304D1 /* dv5.jpg */ = {isa = PBXFileReference; lastKnownFileType = image.jpeg; path = dv5.jpg; sourceTree = "<group>"; };
		2E1D54941A1E689900D304D1 /* dv6.jpg */ = {isa = PBXFileReference; lastKnownFileType = image.jpeg; path = dv6.jpg; sourceTree = "<group>"; };
		2E1D54951A1E689900D304D1 /* dv7.jpg */ = {isa = PBXFileReference; lastKnownFileType = image.jpeg; path = dv7.jpg; sourceTree = "<group>"; };
		2E1D54961A1E689900D304D1 /* dv8.jpg */ = {isa = PBXFileReference; lastKnownFileType = image.jpeg; path = dv8.jpg; sourceTree = "<group>"; };
		2E1D54971A1E689900D304D1 /* dv9.jpg */ = {isa = PBXFileReference; lastKnownFileType = image.jpeg; path = dv9.jpg; sourceTree = "<group>"; };
		2E1D54CB1A1EA58300D304D1 /* ce2.jpg */ = {isa = PBXFileReference; lastKnownFileType = image.jpeg; path = ce2.jpg; sourceTree = "<group>"; };
		2E1D54CD1A1EA6AA00D304D1 /* photo2.jpg */ = {isa = PBXFileReference; lastKnownFileType = image.jpeg; path = photo2.jpg; sourceTree = "<group>"; };
		2E1D54D01A1F9B4700D304D1 /* photo1.jpg */ = {isa = PBXFileReference; lastKnownFileType = image.jpeg; path = photo1.jpg; sourceTree = "<group>"; };
		2E3372F91A3F666300453C5D /* LoginView.h */ = {isa = PBXFileReference; fileEncoding = 4; lastKnownFileType = sourcecode.c.h; path = LoginView.h; sourceTree = "<group>"; };
		2E3372FA1A3F666300453C5D /* LoginView.m */ = {isa = PBXFileReference; fileEncoding = 4; lastKnownFileType = sourcecode.c.objc; path = LoginView.m; sourceTree = "<group>"; };
		2E3372FC1A3F667C00453C5D /* LoginViewController.h */ = {isa = PBXFileReference; fileEncoding = 4; lastKnownFileType = sourcecode.c.h; path = LoginViewController.h; sourceTree = "<group>"; };
		2E3372FD1A3F667C00453C5D /* LoginViewController.m */ = {isa = PBXFileReference; fileEncoding = 4; lastKnownFileType = sourcecode.c.objc; path = LoginViewController.m; sourceTree = "<group>"; };
		2E3372FF1A3F83A800453C5D /* AFHTTPRequestSerializer+OAuth2.h */ = {isa = PBXFileReference; fileEncoding = 4; lastKnownFileType = sourcecode.c.h; path = "AFHTTPRequestSerializer+OAuth2.h"; sourceTree = "<group>"; };
		2E3373001A3F83A800453C5D /* AFHTTPRequestSerializer+OAuth2.m */ = {isa = PBXFileReference; fileEncoding = 4; lastKnownFileType = sourcecode.c.objc; path = "AFHTTPRequestSerializer+OAuth2.m"; sourceTree = "<group>"; };
		2E3373011A3F83A800453C5D /* AFOAuth2Manager.h */ = {isa = PBXFileReference; fileEncoding = 4; lastKnownFileType = sourcecode.c.h; path = AFOAuth2Manager.h; sourceTree = "<group>"; };
		2E3373021A3F83A800453C5D /* AFOAuth2Manager.m */ = {isa = PBXFileReference; fileEncoding = 4; lastKnownFileType = sourcecode.c.objc; path = AFOAuth2Manager.m; sourceTree = "<group>"; };
		2E5BFD5C1A3898EF00D17971 /* ContactPickerViewController.h */ = {isa = PBXFileReference; fileEncoding = 4; lastKnownFileType = sourcecode.c.h; path = ContactPickerViewController.h; sourceTree = "<group>"; };
		2E5BFD5D1A3898EF00D17971 /* ContactPickerViewController.m */ = {isa = PBXFileReference; fileEncoding = 4; lastKnownFileType = sourcecode.c.objc; path = ContactPickerViewController.m; sourceTree = "<group>"; };
		2E5BFD5F1A38999500D17971 /* ContactPickerTableViewCell.h */ = {isa = PBXFileReference; fileEncoding = 4; lastKnownFileType = sourcecode.c.h; path = ContactPickerTableViewCell.h; sourceTree = "<group>"; };
		2E5BFD601A38999500D17971 /* ContactPickerTableViewCell.m */ = {isa = PBXFileReference; fileEncoding = 4; lastKnownFileType = sourcecode.c.objc; path = ContactPickerTableViewCell.m; sourceTree = "<group>"; };
		2E5BFD621A389CB900D17971 /* Contact.h */ = {isa = PBXFileReference; fileEncoding = 4; lastKnownFileType = sourcecode.c.h; path = Contact.h; sourceTree = "<group>"; };
		2E5BFD631A389CB900D17971 /* Contact.m */ = {isa = PBXFileReference; fileEncoding = 4; lastKnownFileType = sourcecode.c.objc; path = Contact.m; sourceTree = "<group>"; };
		2E5BFD651A38BA2D00D17971 /* ContactPickerViewController.xib */ = {isa = PBXFileReference; fileEncoding = 4; lastKnownFileType = file.xib; path = ContactPickerViewController.xib; sourceTree = "<group>"; };
		2E5BFD691A38BAE700D17971 /* ContactPickerTableViewCell.xib */ = {isa = PBXFileReference; fileEncoding = 4; lastKnownFileType = file.xib; path = ContactPickerTableViewCell.xib; sourceTree = "<group>"; };
		2E5BFD6B1A38C1C900D17971 /* icon-avatar-60x60.png */ = {isa = PBXFileReference; lastKnownFileType = image.png; name = "icon-avatar-60x60.png"; path = "images/icon-avatar-60x60.png"; sourceTree = "<group>"; };
		2E5BFD6C1A38C1C900D17971 /* icon-avatar-60x60@2x.png */ = {isa = PBXFileReference; lastKnownFileType = image.png; name = "icon-avatar-60x60@2x.png"; path = "images/icon-avatar-60x60@2x.png"; sourceTree = "<group>"; };
		2E5BFD6D1A38C1C900D17971 /* icon-checkbox-selected-green-25x25.png */ = {isa = PBXFileReference; lastKnownFileType = image.png; name = "icon-checkbox-selected-green-25x25.png"; path = "images/icon-checkbox-selected-green-25x25.png"; sourceTree = "<group>"; };
		2E5BFD6E1A38C1C900D17971 /* icon-checkbox-selected-green-25x25@2x.png */ = {isa = PBXFileReference; lastKnownFileType = image.png; name = "icon-checkbox-selected-green-25x25@2x.png"; path = "images/icon-checkbox-selected-green-25x25@2x.png"; sourceTree = "<group>"; };
		2E5BFD6F1A38C1C900D17971 /* icon-checkbox-unselected-25x25.png */ = {isa = PBXFileReference; lastKnownFileType = image.png; name = "icon-checkbox-unselected-25x25.png"; path = "images/icon-checkbox-unselected-25x25.png"; sourceTree = "<group>"; };
		2E5BFD701A38C1C900D17971 /* icon-checkbox-unselected-25x25@2x.png */ = {isa = PBXFileReference; lastKnownFileType = image.png; name = "icon-checkbox-unselected-25x25@2x.png"; path = "images/icon-checkbox-unselected-25x25@2x.png"; sourceTree = "<group>"; };
		2E6A3FA51A4246F400F722A9 /* THContactBubble.h */ = {isa = PBXFileReference; fileEncoding = 4; lastKnownFileType = sourcecode.c.h; path = THContactBubble.h; sourceTree = "<group>"; };
		2E6A3FA61A4246F400F722A9 /* THContactBubble.m */ = {isa = PBXFileReference; fileEncoding = 4; lastKnownFileType = sourcecode.c.objc; path = THContactBubble.m; sourceTree = "<group>"; };
		2E6A3FA71A4246F400F722A9 /* THContactPickerView.h */ = {isa = PBXFileReference; fileEncoding = 4; lastKnownFileType = sourcecode.c.h; path = THContactPickerView.h; sourceTree = "<group>"; };
		2E6A3FA81A4246F400F722A9 /* THContactPickerView.m */ = {isa = PBXFileReference; fileEncoding = 4; lastKnownFileType = sourcecode.c.objc; path = THContactPickerView.m; sourceTree = "<group>"; };
		2E6A3FA91A4246F400F722A9 /* THContactPickerViewController.h */ = {isa = PBXFileReference; fileEncoding = 4; lastKnownFileType = sourcecode.c.h; path = THContactPickerViewController.h; sourceTree = "<group>"; };
		2E6A3FAA1A4246F400F722A9 /* THContactPickerViewController.m */ = {isa = PBXFileReference; fileEncoding = 4; lastKnownFileType = sourcecode.c.objc; path = THContactPickerViewController.m; sourceTree = "<group>"; };
		2E6A3FAB1A4246F400F722A9 /* THBubbleColor.h */ = {isa = PBXFileReference; fileEncoding = 4; lastKnownFileType = sourcecode.c.h; path = THBubbleColor.h; sourceTree = "<group>"; };
		2E6A3FAC1A4246F400F722A9 /* THBubbleColor.m */ = {isa = PBXFileReference; fileEncoding = 4; lastKnownFileType = sourcecode.c.objc; path = THBubbleColor.m; sourceTree = "<group>"; };
		2E6A3FAD1A4246F400F722A9 /* THContactPickerTableViewCell.h */ = {isa = PBXFileReference; fileEncoding = 4; lastKnownFileType = sourcecode.c.h; path = THContactPickerTableViewCell.h; sourceTree = "<group>"; };
		2E6A3FAE1A4246F400F722A9 /* THContactPickerTableViewCell.m */ = {isa = PBXFileReference; fileEncoding = 4; lastKnownFileType = sourcecode.c.objc; path = THContactPickerTableViewCell.m; sourceTree = "<group>"; };
		2E6A3FAF1A4246F400F722A9 /* THContact.h */ = {isa = PBXFileReference; fileEncoding = 4; lastKnownFileType = sourcecode.c.h; path = THContact.h; sourceTree = "<group>"; };
		2E6A3FB01A4246F400F722A9 /* THContact.m */ = {isa = PBXFileReference; fileEncoding = 4; lastKnownFileType = sourcecode.c.objc; path = THContact.m; sourceTree = "<group>"; };
		2E6A3FB71A42470300F722A9 /* THContactPickerViewController.xib */ = {isa = PBXFileReference; fileEncoding = 4; lastKnownFileType = file.xib; path = THContactPickerViewController.xib; sourceTree = "<group>"; };
		2E6A3FB81A42470300F722A9 /* THContactPickerTableViewCell.xib */ = {isa = PBXFileReference; fileEncoding = 4; lastKnownFileType = file.xib; path = THContactPickerTableViewCell.xib; sourceTree = "<group>"; };
		2E8757091A35FB7B00A7C937 /* SMSViewController.h */ = {isa = PBXFileReference; fileEncoding = 4; lastKnownFileType = sourcecode.c.h; path = SMSViewController.h; sourceTree = "<group>"; };
		2E87570A1A35FB7B00A7C937 /* SMSViewController.m */ = {isa = PBXFileReference; fileEncoding = 4; lastKnownFileType = sourcecode.c.objc; path = SMSViewController.m; sourceTree = "<group>"; };
		2E87570C1A35FD8E00A7C937 /* SMSDataModel.h */ = {isa = PBXFileReference; fileEncoding = 4; lastKnownFileType = sourcecode.c.h; path = SMSDataModel.h; sourceTree = "<group>"; };
		2E87570D1A35FD8E00A7C937 /* SMSDataModel.m */ = {isa = PBXFileReference; fileEncoding = 4; lastKnownFileType = sourcecode.c.objc; path = SMSDataModel.m; sourceTree = "<group>"; };
		2E94073C1A1A8C6A0099F37C /* inboxInterface.storyboard */ = {isa = PBXFileReference; fileEncoding = 4; lastKnownFileType = file.storyboard; path = inboxInterface.storyboard; sourceTree = "<group>"; };
		2E94073E1A1A8CE90099F37C /* inboxInterface.h */ = {isa = PBXFileReference; fileEncoding = 4; lastKnownFileType = sourcecode.c.h; path = inboxInterface.h; sourceTree = "<group>"; };
		2E94073F1A1A8CE90099F37C /* inboxInterface.m */ = {isa = PBXFileReference; fileEncoding = 4; lastKnownFileType = sourcecode.c.objc; path = inboxInterface.m; sourceTree = "<group>"; };
		2E9407411A1A8D6A0099F37C /* inboxInterfaceCell.h */ = {isa = PBXFileReference; fileEncoding = 4; lastKnownFileType = sourcecode.c.h; path = inboxInterfaceCell.h; sourceTree = "<group>"; };
		2E9407421A1A8D6A0099F37C /* inboxInterfaceCell.m */ = {isa = PBXFileReference; fileEncoding = 4; lastKnownFileType = sourcecode.c.objc; path = inboxInterfaceCell.m; sourceTree = "<group>"; };
		2E9407441A1A8EC00099F37C /* MessageUI.framework */ = {isa = PBXFileReference; lastKnownFileType = wrapper.framework; name = MessageUI.framework; path = System/Library/Frameworks/MessageUI.framework; sourceTree = SDKROOT; };
		2E9407461A1A92240099F37C /* DEMOFirstViewController.h */ = {isa = PBXFileReference; fileEncoding = 4; lastKnownFileType = sourcecode.c.h; path = DEMOFirstViewController.h; sourceTree = "<group>"; };
		2E9407471A1A92240099F37C /* DEMOFirstViewController.m */ = {isa = PBXFileReference; fileEncoding = 4; lastKnownFileType = sourcecode.c.objc; path = DEMOFirstViewController.m; sourceTree = "<group>"; };
		2E9407491A1A92300099F37C /* DEMOLeftMenuViewController.h */ = {isa = PBXFileReference; fileEncoding = 4; lastKnownFileType = sourcecode.c.h; path = DEMOLeftMenuViewController.h; sourceTree = "<group>"; };
		2E94074A1A1A92300099F37C /* DEMOLeftMenuViewController.m */ = {isa = PBXFileReference; fileEncoding = 4; lastKnownFileType = sourcecode.c.objc; path = DEMOLeftMenuViewController.m; sourceTree = "<group>"; };
		2E94074D1A1A9A700099F37C /* 10 Great iPhone Tips.pdf */ = {isa = PBXFileReference; lastKnownFileType = image.pdf; path = "10 Great iPhone Tips.pdf"; sourceTree = "<group>"; };
		2E94074E1A1A9A700099F37C /* camera-photo-tips.html */ = {isa = PBXFileReference; fileEncoding = 4; lastKnownFileType = text.html; path = "camera-photo-tips.html"; sourceTree = "<group>"; };
		2E94074F1A1A9A700099F37C /* foggy.jpg */ = {isa = PBXFileReference; lastKnownFileType = image.jpeg; path = foggy.jpg; sourceTree = "<group>"; };
		2E9407501A1A9A700099F37C /* Hello World.ppt */ = {isa = PBXFileReference; lastKnownFileType = file; path = "Hello World.ppt"; sourceTree = "<group>"; };
		2EA0A0D61A1AF8E800DBFB81 /* MediaPlayer.framework */ = {isa = PBXFileReference; lastKnownFileType = wrapper.framework; name = MediaPlayer.framework; path = System/Library/Frameworks/MediaPlayer.framework; sourceTree = SDKROOT; };
		2EA0A1271A1B08D600DBFB81 /* Conversation.plist */ = {isa = PBXFileReference; fileEncoding = 4; lastKnownFileType = text.plist.xml; path = Conversation.plist; sourceTree = "<group>"; };
		2EA0A1291A1B08D600DBFB81 /* arturdev.jpg */ = {isa = PBXFileReference; lastKnownFileType = image.jpeg; path = arturdev.jpg; sourceTree = "<group>"; };
		2EA0A12A1A1B08D600DBFB81 /* bubble_rect_receiving.png */ = {isa = PBXFileReference; lastKnownFileType = image.png; path = bubble_rect_receiving.png; sourceTree = "<group>"; };
		2EA0A12B1A1B08D600DBFB81 /* bubble_rect_receiving@2x.png */ = {isa = PBXFileReference; lastKnownFileType = image.png; path = "bubble_rect_receiving@2x.png"; sourceTree = "<group>"; };
		2EA0A12C1A1B08D600DBFB81 /* bubble_rect_sending.png */ = {isa = PBXFileReference; lastKnownFileType = image.png; path = bubble_rect_sending.png; sourceTree = "<group>"; };
		2EA0A12D1A1B08D600DBFB81 /* bubble_rect_sending@2x.png */ = {isa = PBXFileReference; lastKnownFileType = image.png; path = "bubble_rect_sending@2x.png"; sourceTree = "<group>"; };
		2EA0A12E1A1B08D600DBFB81 /* doggy.jpg */ = {isa = PBXFileReference; lastKnownFileType = image.jpeg; path = doggy.jpg; sourceTree = "<group>"; };
		2EA0A12F1A1B08D600DBFB81 /* jobs.jpg */ = {isa = PBXFileReference; lastKnownFileType = image.jpeg; path = jobs.jpg; sourceTree = "<group>"; };
		2EA0A1301A1B08D600DBFB81 /* lion.jpg */ = {isa = PBXFileReference; lastKnownFileType = image.jpeg; path = lion.jpg; sourceTree = "<group>"; };
		2EA0A1311A1B08D600DBFB81 /* lion.mp4 */ = {isa = PBXFileReference; lastKnownFileType = file; path = lion.mp4; sourceTree = "<group>"; };
		2EA0A13F1A1B0D1800DBFB81 /* MessagingVC.storyboard */ = {isa = PBXFileReference; fileEncoding = 4; lastKnownFileType = file.storyboard; name = MessagingVC.storyboard; path = moolti/MessagingVC.storyboard; sourceTree = "<group>"; };
		2EB719311A37ABD200ED3E01 /* QuartzCore.framework */ = {isa = PBXFileReference; lastKnownFileType = wrapper.framework; name = QuartzCore.framework; path = System/Library/Frameworks/QuartzCore.framework; sourceTree = SDKROOT; };
		2EB719331A37ABEA00ED3E01 /* AddressBook.framework */ = {isa = PBXFileReference; lastKnownFileType = wrapper.framework; name = AddressBook.framework; path = System/Library/Frameworks/AddressBook.framework; sourceTree = SDKROOT; };
		2EB719341A37ABEA00ED3E01 /* AddressBookUI.framework */ = {isa = PBXFileReference; lastKnownFileType = wrapper.framework; name = AddressBookUI.framework; path = System/Library/Frameworks/AddressBookUI.framework; sourceTree = SDKROOT; };
		2EB719371A37ABF700ED3E01 /* CoreGraphics.framework */ = {isa = PBXFileReference; lastKnownFileType = wrapper.framework; name = CoreGraphics.framework; path = System/Library/Frameworks/CoreGraphics.framework; sourceTree = SDKROOT; };
		2EB7193A1A37AF3300ED3E01 /* ContactBubble.h */ = {isa = PBXFileReference; fileEncoding = 4; lastKnownFileType = sourcecode.c.h; path = ContactBubble.h; sourceTree = "<group>"; };
		2EB7193B1A37AF3300ED3E01 /* ContactBubble.m */ = {isa = PBXFileReference; fileEncoding = 4; lastKnownFileType = sourcecode.c.objc; path = ContactBubble.m; sourceTree = "<group>"; };
		2EB7193D1A37B12000ED3E01 /* BubbleColor.h */ = {isa = PBXFileReference; fileEncoding = 4; lastKnownFileType = sourcecode.c.h; path = BubbleColor.h; sourceTree = "<group>"; };
		2EB7193E1A37B12000ED3E01 /* BubbleColor.m */ = {isa = PBXFileReference; fileEncoding = 4; lastKnownFileType = sourcecode.c.objc; path = BubbleColor.m; sourceTree = "<group>"; };
		2EB719401A37B8AE00ED3E01 /* ContactPickerView.h */ = {isa = PBXFileReference; fileEncoding = 4; lastKnownFileType = sourcecode.c.h; path = ContactPickerView.h; sourceTree = "<group>"; };
		2EB719411A37B8AE00ED3E01 /* ContactPickerView.m */ = {isa = PBXFileReference; fileEncoding = 4; lastKnownFileType = sourcecode.c.objc; path = ContactPickerView.m; sourceTree = "<group>"; };
		2ECE5E781A159DA0000F78BD /* moolti.app */ = {isa = PBXFileReference; explicitFileType = wrapper.application; includeInIndex = 0; path = moolti.app; sourceTree = BUILT_PRODUCTS_DIR; };
		2ECE5E7C1A159DA0000F78BD /* Info.plist */ = {isa = PBXFileReference; lastKnownFileType = text.plist.xml; path = Info.plist; sourceTree = "<group>"; };
		2ECE5E7D1A159DA0000F78BD /* main.m */ = {isa = PBXFileReference; lastKnownFileType = sourcecode.c.objc; path = main.m; sourceTree = "<group>"; };
		2ECE5E7F1A159DA0000F78BD /* AppDelegate.h */ = {isa = PBXFileReference; lastKnownFileType = sourcecode.c.h; path = AppDelegate.h; sourceTree = "<group>"; };
		2ECE5E801A159DA0000F78BD /* AppDelegate.m */ = {isa = PBXFileReference; lastKnownFileType = sourcecode.c.objc; path = AppDelegate.m; sourceTree = "<group>"; };
		2ECE5E831A159DA0000F78BD /* moolti.xcdatamodel */ = {isa = PBXFileReference; lastKnownFileType = wrapper.xcdatamodel; path = moolti.xcdatamodel; sourceTree = "<group>"; };
		2ECE5E891A159DA0000F78BD /* Base */ = {isa = PBXFileReference; lastKnownFileType = file.storyboard; name = Base; path = Base.lproj/Main.storyboard; sourceTree = "<group>"; };
		2ECE5E8B1A159DA0000F78BD /* Images.xcassets */ = {isa = PBXFileReference; lastKnownFileType = folder.assetcatalog; path = Images.xcassets; sourceTree = "<group>"; };
		2ECE5E8E1A159DA0000F78BD /* Base */ = {isa = PBXFileReference; lastKnownFileType = file.xib; name = Base; path = Base.lproj/LaunchScreen.xib; sourceTree = "<group>"; };
		2ECE5E941A159DA0000F78BD /* mooltiTests.xctest */ = {isa = PBXFileReference; explicitFileType = wrapper.cfbundle; includeInIndex = 0; path = mooltiTests.xctest; sourceTree = BUILT_PRODUCTS_DIR; };
		2ECE5E991A159DA0000F78BD /* Info.plist */ = {isa = PBXFileReference; lastKnownFileType = text.plist.xml; path = Info.plist; sourceTree = "<group>"; };
		2ECE5E9A1A159DA0000F78BD /* mooltiTests.m */ = {isa = PBXFileReference; lastKnownFileType = sourcecode.c.objc; path = mooltiTests.m; sourceTree = "<group>"; };
		2EF533EA1A1FCC3300F5FCCF /* house.jpg */ = {isa = PBXFileReference; lastKnownFileType = image.jpeg; path = house.jpg; sourceTree = "<group>"; };
		9444A7C2B6389B10D01D79EA /* Pods.release.xcconfig */ = {isa = PBXFileReference; includeInIndex = 1; lastKnownFileType = text.xcconfig; name = Pods.release.xcconfig; path = "Pods/Target Support Files/Pods/Pods.release.xcconfig"; sourceTree = "<group>"; };
		C65D613D9FBA29311FE8CF9E /* Pods.debug.xcconfig */ = {isa = PBXFileReference; includeInIndex = 1; lastKnownFileType = text.xcconfig; name = Pods.debug.xcconfig; path = "Pods/Target Support Files/Pods/Pods.debug.xcconfig"; sourceTree = "<group>"; };
/* End PBXFileReference section */

/* Begin PBXFrameworksBuildPhase section */
		2ECE5E751A159DA0000F78BD /* Frameworks */ = {
			isa = PBXFrameworksBuildPhase;
			buildActionMask = 2147483647;
			files = (
				2EB719381A37ABF700ED3E01 /* CoreGraphics.framework in Frameworks */,
				2EB719351A37ABEA00ED3E01 /* AddressBook.framework in Frameworks */,
				2EB719361A37ABEA00ED3E01 /* AddressBookUI.framework in Frameworks */,
				2EB719321A37ABD200ED3E01 /* QuartzCore.framework in Frameworks */,
				2EA0A0D71A1AF8E800DBFB81 /* MediaPlayer.framework in Frameworks */,
				2E9407451A1A8EC00099F37C /* MessageUI.framework in Frameworks */,
				B851C17534C803B06B8A2619 /* libPods.a in Frameworks */,
			);
			runOnlyForDeploymentPostprocessing = 0;
		};
		2ECE5E911A159DA0000F78BD /* Frameworks */ = {
			isa = PBXFrameworksBuildPhase;
			buildActionMask = 2147483647;
			files = (
			);
			runOnlyForDeploymentPostprocessing = 0;
		};
/* End PBXFrameworksBuildPhase section */

/* Begin PBXGroup section */
		10DEA02D2E200AD1FA1C3B2A /* Frameworks */ = {
			isa = PBXGroup;
			children = (
				2EB719371A37ABF700ED3E01 /* CoreGraphics.framework */,
				2EB719331A37ABEA00ED3E01 /* AddressBook.framework */,
				2EB719341A37ABEA00ED3E01 /* AddressBookUI.framework */,
				2EB719311A37ABD200ED3E01 /* QuartzCore.framework */,
				2EA0A0D61A1AF8E800DBFB81 /* MediaPlayer.framework */,
				2E9407441A1A8EC00099F37C /* MessageUI.framework */,
				2664498DEC717EFBC1ED5361 /* libPods.a */,
			);
			name = Frameworks;
			sourceTree = "<group>";
		};
		2E1D53E21A1BC42A00D304D1 /* View Controllers */ = {
			isa = PBXGroup;
			children = (
				2E9407461A1A92240099F37C /* DEMOFirstViewController.h */,
				2E9407471A1A92240099F37C /* DEMOFirstViewController.m */,
				2E9407491A1A92300099F37C /* DEMOLeftMenuViewController.h */,
				2E94074A1A1A92300099F37C /* DEMOLeftMenuViewController.m */,
				2E1D53EA1A1D0F8D00D304D1 /* CollectionTableView.h */,
				2E1D53EB1A1D0F8D00D304D1 /* CollectionTableView.m */,
				2E1D53DE1A1BA1DD00D304D1 /* DEMORightMenuViewController.h */,
				2E1D53DF1A1BA1DD00D304D1 /* DEMORightMenuViewController.m */,
				2E8757091A35FB7B00A7C937 /* SMSViewController.h */,
				2E87570A1A35FB7B00A7C937 /* SMSViewController.m */,
				2E3372FC1A3F667C00453C5D /* LoginViewController.h */,
				2E3372FD1A3F667C00453C5D /* LoginViewController.m */,
			);
			name = "View Controllers";
			sourceTree = "<group>";
		};
		2E1D54681A1E689900D304D1 /* mooltiMedia */ = {
			isa = PBXGroup;
			children = (
				2E1D54691A1E689900D304D1 /* ce1.jpg */,
				2E1D54CB1A1EA58300D304D1 /* ce2.jpg */,
				2E1D546A1A1E689900D304D1 /* ce10.jpg */,
				2E1D546B1A1E689900D304D1 /* ce11.jpg */,
				2E1D546C1A1E689900D304D1 /* ce12.jpg */,
				2E1D546D1A1E689900D304D1 /* ce13.jpg */,
				2E1D546E1A1E689900D304D1 /* ce14.jpg */,
				2E1D546F1A1E689900D304D1 /* ce15.jpg */,
				2E1D54CD1A1EA6AA00D304D1 /* photo2.jpg */,
				2E1D54D01A1F9B4700D304D1 /* photo1.jpg */,
				2E1D54701A1E689900D304D1 /* ce16.jpg */,
				2E1D54711A1E689900D304D1 /* ce17.jpg */,
				2E1D54721A1E689900D304D1 /* ce18.jpg */,
				2E1D54731A1E689900D304D1 /* ce19.jpg */,
				2E1D54751A1E689900D304D1 /* ce20.jpg */,
				2E1D54761A1E689900D304D1 /* ce3.jpg */,
				2E1D54771A1E689900D304D1 /* ce4.jpg */,
				2E1D54781A1E689900D304D1 /* ce5.jpg */,
				2E1D54791A1E689900D304D1 /* ce6.jpg */,
				2E1D547A1A1E689900D304D1 /* ce7.jpg */,
				2E1D547B1A1E689900D304D1 /* ce8.jpg */,
				2E1D547C1A1E689900D304D1 /* ce9.jpg */,
				2E1D547D1A1E689900D304D1 /* ch1.jpg */,
				2E1D547E1A1E689900D304D1 /* ch10.jpg */,
				2E1D547F1A1E689900D304D1 /* ch11.jpg */,
				2E1D54801A1E689900D304D1 /* ch12.jpg */,
				2EF533EA1A1FCC3300F5FCCF /* house.jpg */,
				2E1D54811A1E689900D304D1 /* ch2.jpg */,
				2E1D54821A1E689900D304D1 /* ch3.jpg */,
				2E1D54831A1E689900D304D1 /* ch4.jpg */,
				2E1D54841A1E689900D304D1 /* ch5.jpg */,
				2E1D54851A1E689900D304D1 /* ch6.jpg */,
				2E1D54861A1E689900D304D1 /* ch7.jpg */,
				2E1D54871A1E689900D304D1 /* ch8.jpg */,
				2E1D54881A1E689900D304D1 /* ch9.jpg */,
				2E1D54891A1E689900D304D1 /* dv1.jpg */,
				2E1D548A1A1E689900D304D1 /* dv10.jpg */,
				2E1D548B1A1E689900D304D1 /* dv11.jpg */,
				2E1D548C1A1E689900D304D1 /* dv12.jpg */,
				2E1D548D1A1E689900D304D1 /* dv13.jpg */,
				2E1D548E1A1E689900D304D1 /* dv14.jpg */,
				2E1D548F1A1E689900D304D1 /* dv15.jpg */,
				2E1D54901A1E689900D304D1 /* dv2.jpg */,
				2E1D54911A1E689900D304D1 /* dv3.jpg */,
				2E1D54921A1E689900D304D1 /* dv4.jpg */,
				2E1D54931A1E689900D304D1 /* dv5.jpg */,
				2E1D54941A1E689900D304D1 /* dv6.jpg */,
				2E1D54951A1E689900D304D1 /* dv7.jpg */,
				2E1D54961A1E689900D304D1 /* dv8.jpg */,
				2E1D54971A1E689900D304D1 /* dv9.jpg */,
			);
			path = mooltiMedia;
			sourceTree = "<group>";
		};
		2E6A3FA41A4246E200F722A9 /* contacts2 */ = {
			isa = PBXGroup;
			children = (
				2E6A3FA51A4246F400F722A9 /* THContactBubble.h */,
				2E6A3FA61A4246F400F722A9 /* THContactBubble.m */,
				2E6A3FA71A4246F400F722A9 /* THContactPickerView.h */,
				2E6A3FA81A4246F400F722A9 /* THContactPickerView.m */,
				2E6A3FA91A4246F400F722A9 /* THContactPickerViewController.h */,
				2E6A3FAA1A4246F400F722A9 /* THContactPickerViewController.m */,
				2E6A3FAB1A4246F400F722A9 /* THBubbleColor.h */,
				2E6A3FAC1A4246F400F722A9 /* THBubbleColor.m */,
				2E6A3FAD1A4246F400F722A9 /* THContactPickerTableViewCell.h */,
				2E6A3FAE1A4246F400F722A9 /* THContactPickerTableViewCell.m */,
				2E6A3FAF1A4246F400F722A9 /* THContact.h */,
				2E6A3FB01A4246F400F722A9 /* THContact.m */,
				2E6A3FB71A42470300F722A9 /* THContactPickerViewController.xib */,
				2E6A3FB81A42470300F722A9 /* THContactPickerTableViewCell.xib */,
			);
			name = contacts2;
			sourceTree = "<group>";
		};
		2E8757081A35F52B00A7C937 /* Views */ = {
			isa = PBXGroup;
			children = (
				2ECE5E881A159DA0000F78BD /* Main.storyboard */,
				2E1D53ED1A1D613400D304D1 /* CollectionCell.xib */,
				2EA0A13F1A1B0D1800DBFB81 /* MessagingVC.storyboard */,
				2E5BFD651A38BA2D00D17971 /* ContactPickerViewController.xib */,
				2E5BFD691A38BAE700D17971 /* ContactPickerTableViewCell.xib */,
				2E3372F91A3F666300453C5D /* LoginView.h */,
				2E3372FA1A3F666300453C5D /* LoginView.m */,
			);
			name = Views;
			path = ..;
			sourceTree = "<group>";
		};
		2E94074C1A1A9A700099F37C /* images */ = {
			isa = PBXGroup;
			children = (
				2E94074D1A1A9A700099F37C /* 10 Great iPhone Tips.pdf */,
				2E94074E1A1A9A700099F37C /* camera-photo-tips.html */,
				2E94074F1A1A9A700099F37C /* foggy.jpg */,
				2E9407501A1A9A700099F37C /* Hello World.ppt */,
			);
			path = images;
			sourceTree = "<group>";
		};
		2EA0A1261A1B08D600DBFB81 /* Resources */ = {
			isa = PBXGroup;
			children = (
				2EA0A1271A1B08D600DBFB81 /* Conversation.plist */,
				2EA0A1281A1B08D600DBFB81 /* Images */,
				2EA0A1311A1B08D600DBFB81 /* lion.mp4 */,
			);
			path = Resources;
			sourceTree = "<group>";
		};
		2EA0A1281A1B08D600DBFB81 /* Images */ = {
			isa = PBXGroup;
			children = (
				2EA0A1291A1B08D600DBFB81 /* arturdev.jpg */,
				2EA0A12A1A1B08D600DBFB81 /* bubble_rect_receiving.png */,
				2EA0A12B1A1B08D600DBFB81 /* bubble_rect_receiving@2x.png */,
				2EA0A12C1A1B08D600DBFB81 /* bubble_rect_sending.png */,
				2EA0A12D1A1B08D600DBFB81 /* bubble_rect_sending@2x.png */,
				2EA0A12E1A1B08D600DBFB81 /* doggy.jpg */,
				2EA0A12F1A1B08D600DBFB81 /* jobs.jpg */,
				2EA0A1301A1B08D600DBFB81 /* lion.jpg */,
			);
			path = Images;
			sourceTree = "<group>";
		};
		2EB719391A37AF1300ED3E01 /* contacts */ = {
			isa = PBXGroup;
			children = (
				2EB7193A1A37AF3300ED3E01 /* ContactBubble.h */,
				2EB7193B1A37AF3300ED3E01 /* ContactBubble.m */,
				2EB7193D1A37B12000ED3E01 /* BubbleColor.h */,
				2EB7193E1A37B12000ED3E01 /* BubbleColor.m */,
				2EB719401A37B8AE00ED3E01 /* ContactPickerView.h */,
				2EB719411A37B8AE00ED3E01 /* ContactPickerView.m */,
				2E5BFD5C1A3898EF00D17971 /* ContactPickerViewController.h */,
				2E5BFD5D1A3898EF00D17971 /* ContactPickerViewController.m */,
				2E5BFD5F1A38999500D17971 /* ContactPickerTableViewCell.h */,
				2E5BFD601A38999500D17971 /* ContactPickerTableViewCell.m */,
				2E5BFD621A389CB900D17971 /* Contact.h */,
				2E5BFD631A389CB900D17971 /* Contact.m */,
			);
			name = contacts;
			sourceTree = "<group>";
		};
		2ECE5E6F1A159DA0000F78BD = {
			isa = PBXGroup;
			children = (
				2ECE5E7A1A159DA0000F78BD /* moolti */,
				2ECE5E971A159DA0000F78BD /* mooltiTests */,
				2ECE5E791A159DA0000F78BD /* Products */,
				A978214A6121CD1008931754 /* Pods */,
				10DEA02D2E200AD1FA1C3B2A /* Frameworks */,
			);
			sourceTree = "<group>";
		};
		2ECE5E791A159DA0000F78BD /* Products */ = {
			isa = PBXGroup;
			children = (
				2ECE5E781A159DA0000F78BD /* moolti.app */,
				2ECE5E941A159DA0000F78BD /* mooltiTests.xctest */,
			);
			name = Products;
			sourceTree = "<group>";
		};
		2ECE5E7A1A159DA0000F78BD /* moolti */ = {
			isa = PBXGroup;
			children = (
				2E6A3FA41A4246E200F722A9 /* contacts2 */,
				2EB719391A37AF1300ED3E01 /* contacts */,
				2E1D54681A1E689900D304D1 /* mooltiMedia */,
				2E8757081A35F52B00A7C937 /* Views */,
				2E1D53E21A1BC42A00D304D1 /* View Controllers */,
				2E87570C1A35FD8E00A7C937 /* SMSDataModel.h */,
				2E87570D1A35FD8E00A7C937 /* SMSDataModel.m */,
				2E3372FF1A3F83A800453C5D /* AFHTTPRequestSerializer+OAuth2.h */,
				2E3373001A3F83A800453C5D /* AFHTTPRequestSerializer+OAuth2.m */,
				2E3373011A3F83A800453C5D /* AFOAuth2Manager.h */,
				2E3373021A3F83A800453C5D /* AFOAuth2Manager.m */,
				2ECE5E7F1A159DA0000F78BD /* AppDelegate.h */,
				2ECE5E801A159DA0000F78BD /* AppDelegate.m */,
				2E1D53E61A1BEBE500D304D1 /* GalleryVC.h */,
				2E1D53E71A1BEBE500D304D1 /* GalleryVC.m */,
				2E1D53EF1A1D617D00D304D1 /* CollectionCell.h */,
				2E1D53F01A1D617D00D304D1 /* CollectionCell.m */,
				2E94073C1A1A8C6A0099F37C /* inboxInterface.storyboard */,
				2E9407411A1A8D6A0099F37C /* inboxInterfaceCell.h */,
				2E9407421A1A8D6A0099F37C /* inboxInterfaceCell.m */,
				2E94073E1A1A8CE90099F37C /* inboxInterface.h */,
				2E94073F1A1A8CE90099F37C /* inboxInterface.m */,
				2ECE5E8B1A159DA0000F78BD /* Images.xcassets */,
				2E5BFD6B1A38C1C900D17971 /* icon-avatar-60x60.png */,
				2E5BFD6C1A38C1C900D17971 /* icon-avatar-60x60@2x.png */,
				2E5BFD6D1A38C1C900D17971 /* icon-checkbox-selected-green-25x25.png */,
				2E5BFD6E1A38C1C900D17971 /* icon-checkbox-selected-green-25x25@2x.png */,
				2E5BFD6F1A38C1C900D17971 /* icon-checkbox-unselected-25x25.png */,
				2E5BFD701A38C1C900D17971 /* icon-checkbox-unselected-25x25@2x.png */,
				2ECE5E8D1A159DA0000F78BD /* LaunchScreen.xib */,
				2ECE5E821A159DA0000F78BD /* moolti.xcdatamodeld */,
				2ECE5E7B1A159DA0000F78BD /* Supporting Files */,
			);
			path = moolti;
			sourceTree = "<group>";
		};
		2ECE5E7B1A159DA0000F78BD /* Supporting Files */ = {
			isa = PBXGroup;
			children = (
				2EA0A1261A1B08D600DBFB81 /* Resources */,
				2E94074C1A1A9A700099F37C /* images */,
				2ECE5E7C1A159DA0000F78BD /* Info.plist */,
				2ECE5E7D1A159DA0000F78BD /* main.m */,
			);
			name = "Supporting Files";
			sourceTree = "<group>";
		};
		2ECE5E971A159DA0000F78BD /* mooltiTests */ = {
			isa = PBXGroup;
			children = (
				2ECE5E9A1A159DA0000F78BD /* mooltiTests.m */,
				2ECE5E981A159DA0000F78BD /* Supporting Files */,
			);
			path = mooltiTests;
			sourceTree = "<group>";
		};
		2ECE5E981A159DA0000F78BD /* Supporting Files */ = {
			isa = PBXGroup;
			children = (
				2ECE5E991A159DA0000F78BD /* Info.plist */,
			);
			name = "Supporting Files";
			sourceTree = "<group>";
		};
		A978214A6121CD1008931754 /* Pods */ = {
			isa = PBXGroup;
			children = (
				C65D613D9FBA29311FE8CF9E /* Pods.debug.xcconfig */,
				9444A7C2B6389B10D01D79EA /* Pods.release.xcconfig */,
			);
			name = Pods;
			sourceTree = "<group>";
		};
/* End PBXGroup section */

/* Begin PBXNativeTarget section */
		2ECE5E771A159DA0000F78BD /* moolti */ = {
			isa = PBXNativeTarget;
			buildConfigurationList = 2ECE5E9E1A159DA0000F78BD /* Build configuration list for PBXNativeTarget "moolti" */;
			buildPhases = (
				2A5A947EBFE6CF87987851BD /* Check Pods Manifest.lock */,
				2ECE5E741A159DA0000F78BD /* Sources */,
				2ECE5E751A159DA0000F78BD /* Frameworks */,
				2ECE5E761A159DA0000F78BD /* Resources */,
				50BBDAE2E8335B8E19AC3C3A /* Copy Pods Resources */,
			);
			buildRules = (
			);
			dependencies = (
			);
			name = moolti;
			productName = moolti;
			productReference = 2ECE5E781A159DA0000F78BD /* moolti.app */;
			productType = "com.apple.product-type.application";
		};
		2ECE5E931A159DA0000F78BD /* mooltiTests */ = {
			isa = PBXNativeTarget;
			buildConfigurationList = 2ECE5EA11A159DA0000F78BD /* Build configuration list for PBXNativeTarget "mooltiTests" */;
			buildPhases = (
				2ECE5E901A159DA0000F78BD /* Sources */,
				2ECE5E911A159DA0000F78BD /* Frameworks */,
				2ECE5E921A159DA0000F78BD /* Resources */,
			);
			buildRules = (
			);
			dependencies = (
				2ECE5E961A159DA0000F78BD /* PBXTargetDependency */,
			);
			name = mooltiTests;
			productName = mooltiTests;
			productReference = 2ECE5E941A159DA0000F78BD /* mooltiTests.xctest */;
			productType = "com.apple.product-type.bundle.unit-test";
		};
/* End PBXNativeTarget section */

/* Begin PBXProject section */
		2ECE5E701A159DA0000F78BD /* Project object */ = {
			isa = PBXProject;
			attributes = {
				LastUpgradeCheck = 0610;
				ORGANIZATIONNAME = "Eugene Watson";
				TargetAttributes = {
					2ECE5E771A159DA0000F78BD = {
						CreatedOnToolsVersion = 6.1;
						DevelopmentTeam = PSEJ82K8NC;
					};
					2ECE5E931A159DA0000F78BD = {
						CreatedOnToolsVersion = 6.1;
						TestTargetID = 2ECE5E771A159DA0000F78BD;
					};
				};
			};
			buildConfigurationList = 2ECE5E731A159DA0000F78BD /* Build configuration list for PBXProject "moolti" */;
			compatibilityVersion = "Xcode 3.2";
			developmentRegion = English;
			hasScannedForEncodings = 0;
			knownRegions = (
				en,
				Base,
			);
			mainGroup = 2ECE5E6F1A159DA0000F78BD;
			productRefGroup = 2ECE5E791A159DA0000F78BD /* Products */;
			projectDirPath = "";
			projectRoot = "";
			targets = (
				2ECE5E771A159DA0000F78BD /* moolti */,
				2ECE5E931A159DA0000F78BD /* mooltiTests */,
			);
		};
/* End PBXProject section */

/* Begin PBXResourcesBuildPhase section */
		2ECE5E761A159DA0000F78BD /* Resources */ = {
			isa = PBXResourcesBuildPhase;
			buildActionMask = 2147483647;
			files = (
				2E1D54A71A1E689900D304D1 /* ce5.jpg in Resources */,
				2E1D54A51A1E689900D304D1 /* ce3.jpg in Resources */,
				2E1D549F1A1E689900D304D1 /* ce16.jpg in Resources */,
				2E1D54A21A1E689900D304D1 /* ce19.jpg in Resources */,
				2EA0A1381A1B08D600DBFB81 /* doggy.jpg in Resources */,
				2E1D549A1A1E689900D304D1 /* ce11.jpg in Resources */,
				2E1D54AA1A1E689900D304D1 /* ce8.jpg in Resources */,
				2E1D54C51A1E689900D304D1 /* dv8.jpg in Resources */,
				2E1D54B41A1E689900D304D1 /* ch6.jpg in Resources */,
				2E1D54B01A1E689900D304D1 /* ch2.jpg in Resources */,
				2E1D54A81A1E689900D304D1 /* ce6.jpg in Resources */,
				2E94075C1A1A9A700099F37C /* foggy.jpg in Resources */,
				2E1D54B91A1E689900D304D1 /* dv10.jpg in Resources */,
				2E5BFD751A38C1C900D17971 /* icon-checkbox-unselected-25x25.png in Resources */,
				2E1D54B21A1E689900D304D1 /* ch4.jpg in Resources */,
				2E5BFD711A38C1C900D17971 /* icon-avatar-60x60.png in Resources */,
				2E1D54A01A1E689900D304D1 /* ce17.jpg in Resources */,
				2E1D549D1A1E689900D304D1 /* ce14.jpg in Resources */,
				2E94075B1A1A9A700099F37C /* camera-photo-tips.html in Resources */,
				2E94075A1A1A9A700099F37C /* 10 Great iPhone Tips.pdf in Resources */,
				2EA0A1361A1B08D600DBFB81 /* bubble_rect_sending.png in Resources */,
				2E5BFD6A1A38BAE700D17971 /* ContactPickerTableViewCell.xib in Resources */,
				2ECE5E8A1A159DA0000F78BD /* Main.storyboard in Resources */,
				2EF533EB1A1FCC3300F5FCCF /* house.jpg in Resources */,
				2E1D54B81A1E689900D304D1 /* dv1.jpg in Resources */,
				2E6A3FB91A42470300F722A9 /* THContactPickerViewController.xib in Resources */,
				2E5BFD661A38BA2D00D17971 /* ContactPickerViewController.xib in Resources */,
				2E1D54B61A1E689900D304D1 /* ch8.jpg in Resources */,
				2E1D54AC1A1E689900D304D1 /* ch1.jpg in Resources */,
				2E1D54981A1E689900D304D1 /* ce1.jpg in Resources */,
				2E1D54BB1A1E689900D304D1 /* dv12.jpg in Resources */,
				2E1D54AE1A1E689900D304D1 /* ch11.jpg in Resources */,
				2E1D54A91A1E689900D304D1 /* ce7.jpg in Resources */,
				2EA0A13A1A1B08D600DBFB81 /* lion.jpg in Resources */,
				2E1D549E1A1E689900D304D1 /* ce15.jpg in Resources */,
				2E1D54C41A1E689900D304D1 /* dv7.jpg in Resources */,
				2E5BFD761A38C1C900D17971 /* icon-checkbox-unselected-25x25@2x.png in Resources */,
				2EA0A1321A1B08D600DBFB81 /* Conversation.plist in Resources */,
				2E1D54B11A1E689900D304D1 /* ch3.jpg in Resources */,
				2E1D54BF1A1E689900D304D1 /* dv2.jpg in Resources */,
				2E1D54C31A1E689900D304D1 /* dv6.jpg in Resources */,
				2EA0A1331A1B08D600DBFB81 /* arturdev.jpg in Resources */,
				2EA0A13B1A1B08D600DBFB81 /* lion.mp4 in Resources */,
				2ECE5E8F1A159DA0000F78BD /* LaunchScreen.xib in Resources */,
				2E1D53EE1A1D613400D304D1 /* CollectionCell.xib in Resources */,
				2EA0A1351A1B08D600DBFB81 /* bubble_rect_receiving@2x.png in Resources */,
				2E94075D1A1A9A700099F37C /* Hello World.ppt in Resources */,
				2E1D54CC1A1EA58300D304D1 /* ce2.jpg in Resources */,
				2E1D54D11A1F9B4700D304D1 /* photo1.jpg in Resources */,
				2E94073D1A1A8C6A0099F37C /* inboxInterface.storyboard in Resources */,
				2E1D54A61A1E689900D304D1 /* ce4.jpg in Resources */,
				2EA0A1401A1B0D1800DBFB81 /* MessagingVC.storyboard in Resources */,
				2EA0A1371A1B08D600DBFB81 /* bubble_rect_sending@2x.png in Resources */,
				2EA0A1391A1B08D600DBFB81 /* jobs.jpg in Resources */,
				2E1D54A41A1E689900D304D1 /* ce20.jpg in Resources */,
				2ECE5E8C1A159DA0000F78BD /* Images.xcassets in Resources */,
				2E1D549B1A1E689900D304D1 /* ce12.jpg in Resources */,
				2E1D54BA1A1E689900D304D1 /* dv11.jpg in Resources */,
				2EA0A1341A1B08D600DBFB81 /* bubble_rect_receiving.png in Resources */,
				2E1D54BC1A1E689900D304D1 /* dv13.jpg in Resources */,
				2E5BFD731A38C1C900D17971 /* icon-checkbox-selected-green-25x25.png in Resources */,
				2E1D54AF1A1E689900D304D1 /* ch12.jpg in Resources */,
				2E1D54B71A1E689900D304D1 /* ch9.jpg in Resources */,
				2E1D54C01A1E689900D304D1 /* dv3.jpg in Resources */,
				2E1D54AB1A1E689900D304D1 /* ce9.jpg in Resources */,
				2E1D54BE1A1E689900D304D1 /* dv15.jpg in Resources */,
				2E1D54CE1A1EA6AA00D304D1 /* photo2.jpg in Resources */,
				2E1D54AD1A1E689900D304D1 /* ch10.jpg in Resources */,
				2E6A3FBA1A42470300F722A9 /* THContactPickerTableViewCell.xib in Resources */,
				2E1D549C1A1E689900D304D1 /* ce13.jpg in Resources */,
				2E1D54B31A1E689900D304D1 /* ch5.jpg in Resources */,
				2E1D54C61A1E689900D304D1 /* dv9.jpg in Resources */,
				2E5BFD721A38C1C900D17971 /* icon-avatar-60x60@2x.png in Resources */,
				2E1D54A11A1E689900D304D1 /* ce18.jpg in Resources */,
				2E5BFD741A38C1C900D17971 /* icon-checkbox-selected-green-25x25@2x.png in Resources */,
				2E1D54BD1A1E689900D304D1 /* dv14.jpg in Resources */,
				2E1D54991A1E689900D304D1 /* ce10.jpg in Resources */,
				2E1D54C21A1E689900D304D1 /* dv5.jpg in Resources */,
				2E1D54C11A1E689900D304D1 /* dv4.jpg in Resources */,
				2E1D54B51A1E689900D304D1 /* ch7.jpg in Resources */,
			);
			runOnlyForDeploymentPostprocessing = 0;
		};
		2ECE5E921A159DA0000F78BD /* Resources */ = {
			isa = PBXResourcesBuildPhase;
			buildActionMask = 2147483647;
			files = (
			);
			runOnlyForDeploymentPostprocessing = 0;
		};
/* End PBXResourcesBuildPhase section */

/* Begin PBXShellScriptBuildPhase section */
		2A5A947EBFE6CF87987851BD /* Check Pods Manifest.lock */ = {
			isa = PBXShellScriptBuildPhase;
			buildActionMask = 2147483647;
			files = (
			);
			inputPaths = (
			);
			name = "Check Pods Manifest.lock";
			outputPaths = (
			);
			runOnlyForDeploymentPostprocessing = 0;
			shellPath = /bin/sh;
			shellScript = "diff \"${PODS_ROOT}/../Podfile.lock\" \"${PODS_ROOT}/Manifest.lock\" > /dev/null\nif [[ $? != 0 ]] ; then\n    cat << EOM\nerror: The sandbox is not in sync with the Podfile.lock. Run 'pod install' or update your CocoaPods installation.\nEOM\n    exit 1\nfi\n";
			showEnvVarsInLog = 0;
		};
		50BBDAE2E8335B8E19AC3C3A /* Copy Pods Resources */ = {
			isa = PBXShellScriptBuildPhase;
			buildActionMask = 2147483647;
			files = (
			);
			inputPaths = (
			);
			name = "Copy Pods Resources";
			outputPaths = (
			);
			runOnlyForDeploymentPostprocessing = 0;
			shellPath = /bin/sh;
			shellScript = "\"${SRCROOT}/Pods/Target Support Files/Pods/Pods-resources.sh\"\n";
			showEnvVarsInLog = 0;
		};
/* End PBXShellScriptBuildPhase section */

/* Begin PBXSourcesBuildPhase section */
		2ECE5E741A159DA0000F78BD /* Sources */ = {
			isa = PBXSourcesBuildPhase;
			buildActionMask = 2147483647;
			files = (
				2E5BFD611A38999500D17971 /* ContactPickerTableViewCell.m in Sources */,
				2E94074B1A1A92300099F37C /* DEMOLeftMenuViewController.m in Sources */,
				2E6A3FB51A4246F400F722A9 /* THContactPickerTableViewCell.m in Sources */,
				2E3373031A3F83A800453C5D /* AFHTTPRequestSerializer+OAuth2.m in Sources */,
				2E9407481A1A92240099F37C /* DEMOFirstViewController.m in Sources */,
				2EB7193C1A37AF3300ED3E01 /* ContactBubble.m in Sources */,
				2EB719421A37B8AE00ED3E01 /* ContactPickerView.m in Sources */,
				2ECE5E811A159DA0000F78BD /* AppDelegate.m in Sources */,
				2E9407431A1A8D6A0099F37C /* inboxInterfaceCell.m in Sources */,
				2ECE5E7E1A159DA0000F78BD /* main.m in Sources */,
				2E1D53E01A1BA1DD00D304D1 /* DEMORightMenuViewController.m in Sources */,
				2E9407401A1A8CE90099F37C /* inboxInterface.m in Sources */,
				2E6A3FB31A4246F400F722A9 /* THContactPickerViewController.m in Sources */,
				2ECE5E841A159DA0000F78BD /* moolti.xcdatamodeld in Sources */,
				2E3372FE1A3F667C00453C5D /* LoginViewController.m in Sources */,
				2E87570B1A35FB7B00A7C937 /* SMSViewController.m in Sources */,
				2E5BFD5E1A3898EF00D17971 /* ContactPickerViewController.m in Sources */,
				2E1D53E81A1BEBE500D304D1 /* GalleryVC.m in Sources */,
				2E6A3FB41A4246F400F722A9 /* THBubbleColor.m in Sources */,
				2E6A3FB21A4246F400F722A9 /* THContactPickerView.m in Sources */,
				2E6A3FB11A4246F400F722A9 /* THContactBubble.m in Sources */,
				2E1D53F11A1D617D00D304D1 /* CollectionCell.m in Sources */,
				2E87570E1A35FD8E00A7C937 /* SMSDataModel.m in Sources */,
				2E1D53EC1A1D0F8D00D304D1 /* CollectionTableView.m in Sources */,
				2EB7193F1A37B12000ED3E01 /* BubbleColor.m in Sources */,
				2E3372FB1A3F666300453C5D /* LoginView.m in Sources */,
				2E5BFD641A389CB900D17971 /* Contact.m in Sources */,
				2E6A3FB61A4246F400F722A9 /* THContact.m in Sources */,
				2E3373041A3F83A800453C5D /* AFOAuth2Manager.m in Sources */,
			);
			runOnlyForDeploymentPostprocessing = 0;
		};
		2ECE5E901A159DA0000F78BD /* Sources */ = {
			isa = PBXSourcesBuildPhase;
			buildActionMask = 2147483647;
			files = (
				2ECE5E9B1A159DA0000F78BD /* mooltiTests.m in Sources */,
			);
			runOnlyForDeploymentPostprocessing = 0;
		};
/* End PBXSourcesBuildPhase section */

/* Begin PBXTargetDependency section */
		2ECE5E961A159DA0000F78BD /* PBXTargetDependency */ = {
			isa = PBXTargetDependency;
			target = 2ECE5E771A159DA0000F78BD /* moolti */;
			targetProxy = 2ECE5E951A159DA0000F78BD /* PBXContainerItemProxy */;
		};
/* End PBXTargetDependency section */

/* Begin PBXVariantGroup section */
		2ECE5E881A159DA0000F78BD /* Main.storyboard */ = {
			isa = PBXVariantGroup;
			children = (
				2ECE5E891A159DA0000F78BD /* Base */,
			);
			name = Main.storyboard;
			path = moolti;
			sourceTree = "<group>";
		};
		2ECE5E8D1A159DA0000F78BD /* LaunchScreen.xib */ = {
			isa = PBXVariantGroup;
			children = (
				2ECE5E8E1A159DA0000F78BD /* Base */,
			);
			name = LaunchScreen.xib;
			sourceTree = "<group>";
		};
/* End PBXVariantGroup section */

/* Begin XCBuildConfiguration section */
		2ECE5E9C1A159DA0000F78BD /* Debug */ = {
			isa = XCBuildConfiguration;
			buildSettings = {
				ALWAYS_SEARCH_USER_PATHS = NO;
				CLANG_CXX_LANGUAGE_STANDARD = "gnu++0x";
				CLANG_CXX_LIBRARY = "libc++";
				CLANG_ENABLE_MODULES = YES;
				CLANG_ENABLE_OBJC_ARC = YES;
				CLANG_WARN_BOOL_CONVERSION = YES;
				CLANG_WARN_CONSTANT_CONVERSION = YES;
				CLANG_WARN_DIRECT_OBJC_ISA_USAGE = YES_ERROR;
				CLANG_WARN_EMPTY_BODY = YES;
				CLANG_WARN_ENUM_CONVERSION = YES;
				CLANG_WARN_INT_CONVERSION = YES;
				CLANG_WARN_OBJC_ROOT_CLASS = YES_ERROR;
				CLANG_WARN_UNREACHABLE_CODE = YES;
				CLANG_WARN__DUPLICATE_METHOD_MATCH = YES;
				"CODE_SIGN_IDENTITY[sdk=iphoneos*]" = "iPhone Developer";
				COPY_PHASE_STRIP = NO;
				ENABLE_STRICT_OBJC_MSGSEND = YES;
				GCC_C_LANGUAGE_STANDARD = gnu99;
				GCC_DYNAMIC_NO_PIC = NO;
				GCC_OPTIMIZATION_LEVEL = 0;
				GCC_PRECOMPILE_PREFIX_HEADER = YES;
				GCC_PREPROCESSOR_DEFINITIONS = (
					"DEBUG=1",
					"$(inherited)",
				);
				GCC_SYMBOLS_PRIVATE_EXTERN = NO;
				GCC_WARN_64_TO_32_BIT_CONVERSION = YES;
				GCC_WARN_ABOUT_RETURN_TYPE = YES_ERROR;
				GCC_WARN_UNDECLARED_SELECTOR = YES;
				GCC_WARN_UNINITIALIZED_AUTOS = YES_AGGRESSIVE;
				GCC_WARN_UNUSED_FUNCTION = YES;
				GCC_WARN_UNUSED_VARIABLE = YES;
				IPHONEOS_DEPLOYMENT_TARGET = 8.1;
				MTL_ENABLE_DEBUG_INFO = YES;
				ONLY_ACTIVE_ARCH = YES;
				SDKROOT = iphoneos;
			};
			name = Debug;
		};
		2ECE5E9D1A159DA0000F78BD /* Release */ = {
			isa = XCBuildConfiguration;
			buildSettings = {
				ALWAYS_SEARCH_USER_PATHS = NO;
				CLANG_CXX_LANGUAGE_STANDARD = "gnu++0x";
				CLANG_CXX_LIBRARY = "libc++";
				CLANG_ENABLE_MODULES = YES;
				CLANG_ENABLE_OBJC_ARC = YES;
				CLANG_WARN_BOOL_CONVERSION = YES;
				CLANG_WARN_CONSTANT_CONVERSION = YES;
				CLANG_WARN_DIRECT_OBJC_ISA_USAGE = YES_ERROR;
				CLANG_WARN_EMPTY_BODY = YES;
				CLANG_WARN_ENUM_CONVERSION = YES;
				CLANG_WARN_INT_CONVERSION = YES;
				CLANG_WARN_OBJC_ROOT_CLASS = YES_ERROR;
				CLANG_WARN_UNREACHABLE_CODE = YES;
				CLANG_WARN__DUPLICATE_METHOD_MATCH = YES;
				"CODE_SIGN_IDENTITY[sdk=iphoneos*]" = "iPhone Developer";
				COPY_PHASE_STRIP = YES;
				ENABLE_NS_ASSERTIONS = NO;
				ENABLE_STRICT_OBJC_MSGSEND = YES;
				GCC_C_LANGUAGE_STANDARD = gnu99;
				GCC_PRECOMPILE_PREFIX_HEADER = YES;
				GCC_WARN_64_TO_32_BIT_CONVERSION = YES;
				GCC_WARN_ABOUT_RETURN_TYPE = YES_ERROR;
				GCC_WARN_UNDECLARED_SELECTOR = YES;
				GCC_WARN_UNINITIALIZED_AUTOS = YES_AGGRESSIVE;
				GCC_WARN_UNUSED_FUNCTION = YES;
				GCC_WARN_UNUSED_VARIABLE = YES;
				IPHONEOS_DEPLOYMENT_TARGET = 8.1;
				MTL_ENABLE_DEBUG_INFO = NO;
				SDKROOT = iphoneos;
				VALIDATE_PRODUCT = YES;
			};
			name = Release;
		};
		2ECE5E9F1A159DA0000F78BD /* Debug */ = {
			isa = XCBuildConfiguration;
			baseConfigurationReference = C65D613D9FBA29311FE8CF9E /* Pods.debug.xcconfig */;
			buildSettings = {
				ASSETCATALOG_COMPILER_APPICON_NAME = AppIcon;
				CODE_SIGN_IDENTITY = "iPhone Developer";
				GCC_INCREASE_PRECOMPILED_HEADER_SHARING = NO;
				GCC_PRECOMPILE_PREFIX_HEADER = YES;
				INFOPLIST_FILE = moolti/Info.plist;
				IPHONEOS_DEPLOYMENT_TARGET = 8.0;
				LD_RUNPATH_SEARCH_PATHS = "$(inherited) @executable_path/Frameworks";
				PRODUCT_NAME = "$(TARGET_NAME)";
			};
			name = Debug;
		};
		2ECE5EA01A159DA0000F78BD /* Release */ = {
			isa = XCBuildConfiguration;
			baseConfigurationReference = 9444A7C2B6389B10D01D79EA /* Pods.release.xcconfig */;
			buildSettings = {
				ASSETCATALOG_COMPILER_APPICON_NAME = AppIcon;
				CODE_SIGN_IDENTITY = "iPhone Developer";
				GCC_INCREASE_PRECOMPILED_HEADER_SHARING = NO;
				GCC_PRECOMPILE_PREFIX_HEADER = YES;
				INFOPLIST_FILE = moolti/Info.plist;
				IPHONEOS_DEPLOYMENT_TARGET = 8.0;
				LD_RUNPATH_SEARCH_PATHS = "$(inherited) @executable_path/Frameworks";
				PRODUCT_NAME = "$(TARGET_NAME)";
			};
			name = Release;
		};
		2ECE5EA21A159DA0000F78BD /* Debug */ = {
			isa = XCBuildConfiguration;
			buildSettings = {
				BUNDLE_LOADER = "$(TEST_HOST)";
				FRAMEWORK_SEARCH_PATHS = (
					"$(SDKROOT)/Developer/Library/Frameworks",
					"$(inherited)",
				);
				GCC_PREPROCESSOR_DEFINITIONS = (
					"DEBUG=1",
					"$(inherited)",
				);
				INFOPLIST_FILE = mooltiTests/Info.plist;
				LD_RUNPATH_SEARCH_PATHS = "$(inherited) @executable_path/Frameworks @loader_path/Frameworks";
				PRODUCT_NAME = "$(TARGET_NAME)";
				TEST_HOST = "$(BUILT_PRODUCTS_DIR)/moolti.app/moolti";
			};
			name = Debug;
		};
		2ECE5EA31A159DA0000F78BD /* Release */ = {
			isa = XCBuildConfiguration;
			buildSettings = {
				BUNDLE_LOADER = "$(TEST_HOST)";
				FRAMEWORK_SEARCH_PATHS = (
					"$(SDKROOT)/Developer/Library/Frameworks",
					"$(inherited)",
				);
				INFOPLIST_FILE = mooltiTests/Info.plist;
				LD_RUNPATH_SEARCH_PATHS = "$(inherited) @executable_path/Frameworks @loader_path/Frameworks";
				PRODUCT_NAME = "$(TARGET_NAME)";
				TEST_HOST = "$(BUILT_PRODUCTS_DIR)/moolti.app/moolti";
			};
			name = Release;
		};
/* End XCBuildConfiguration section */

/* Begin XCConfigurationList section */
		2ECE5E731A159DA0000F78BD /* Build configuration list for PBXProject "moolti" */ = {
			isa = XCConfigurationList;
			buildConfigurations = (
				2ECE5E9C1A159DA0000F78BD /* Debug */,
				2ECE5E9D1A159DA0000F78BD /* Release */,
			);
			defaultConfigurationIsVisible = 0;
			defaultConfigurationName = Release;
		};
		2ECE5E9E1A159DA0000F78BD /* Build configuration list for PBXNativeTarget "moolti" */ = {
			isa = XCConfigurationList;
			buildConfigurations = (
				2ECE5E9F1A159DA0000F78BD /* Debug */,
				2ECE5EA01A159DA0000F78BD /* Release */,
			);
			defaultConfigurationIsVisible = 0;
			defaultConfigurationName = Release;
		};
		2ECE5EA11A159DA0000F78BD /* Build configuration list for PBXNativeTarget "mooltiTests" */ = {
			isa = XCConfigurationList;
			buildConfigurations = (
				2ECE5EA21A159DA0000F78BD /* Debug */,
				2ECE5EA31A159DA0000F78BD /* Release */,
			);
			defaultConfigurationIsVisible = 0;
			defaultConfigurationName = Release;
		};
/* End XCConfigurationList section */

/* Begin XCVersionGroup section */
		2ECE5E821A159DA0000F78BD /* moolti.xcdatamodeld */ = {
			isa = XCVersionGroup;
			children = (
				2ECE5E831A159DA0000F78BD /* moolti.xcdatamodel */,
			);
			currentVersion = 2ECE5E831A159DA0000F78BD /* moolti.xcdatamodel */;
			path = moolti.xcdatamodeld;
			sourceTree = "<group>";
			versionGroupType = wrapper.xcdatamodel;
		};
/* End XCVersionGroup section */
	};
	rootObject = 2ECE5E701A159DA0000F78BD /* Project object */;
}
